// !$*UTF8*$!
{
	archiveVersion = 1;
	classes = {
	};
	objectVersion = 46;
	objects = {

/* Begin PBXBuildFile section */
		052BD2031E6E91AB0037287A /* User.swift in Sources */ = {isa = PBXBuildFile; fileRef = 052BD2021E6E91AB0037287A /* User.swift */; };
		052BD2051E6E936D0037287A /* Answer.swift in Sources */ = {isa = PBXBuildFile; fileRef = 052BD2041E6E936D0037287A /* Answer.swift */; };
		052BD2071E6E93740037287A /* Question.swift in Sources */ = {isa = PBXBuildFile; fileRef = 052BD2061E6E93740037287A /* Question.swift */; };
		052BD2091E6E93850037287A /* Comment.swift in Sources */ = {isa = PBXBuildFile; fileRef = 052BD2081E6E93850037287A /* Comment.swift */; };
		052ED91D1E6E6F9A0078ABCF /* AppDelegate.swift in Sources */ = {isa = PBXBuildFile; fileRef = 052ED91C1E6E6F9A0078ABCF /* AppDelegate.swift */; };
		052ED9221E6E6F9A0078ABCF /* Main.storyboard in Resources */ = {isa = PBXBuildFile; fileRef = 052ED9201E6E6F9A0078ABCF /* Main.storyboard */; };
		052ED9251E6E6F9A0078ABCF /* Whale.xcdatamodeld in Sources */ = {isa = PBXBuildFile; fileRef = 052ED9231E6E6F9A0078ABCF /* Whale.xcdatamodeld */; };
		052ED9271E6E6F9A0078ABCF /* Assets.xcassets in Resources */ = {isa = PBXBuildFile; fileRef = 052ED9261E6E6F9A0078ABCF /* Assets.xcassets */; };
		052ED92A1E6E6F9A0078ABCF /* LaunchScreen.storyboard in Resources */ = {isa = PBXBuildFile; fileRef = 052ED9281E6E6F9A0078ABCF /* LaunchScreen.storyboard */; };
		052ED9351E6E6F9A0078ABCF /* WhaleTests.swift in Sources */ = {isa = PBXBuildFile; fileRef = 052ED9341E6E6F9A0078ABCF /* WhaleTests.swift */; };
		052ED9401E6E6F9A0078ABCF /* WhaleUITests.swift in Sources */ = {isa = PBXBuildFile; fileRef = 052ED93F1E6E6F9A0078ABCF /* WhaleUITests.swift */; };
		4E33CA33CDDF701186237457 /* Pods_WhaleTests.framework in Frameworks */ = {isa = PBXBuildFile; fileRef = F66C8A5FFD48505EC281639C /* Pods_WhaleTests.framework */; };
		9E6293790283056F58A49429 /* Pods_Whale.framework in Frameworks */ = {isa = PBXBuildFile; fileRef = 0A099EF1F1F64FF0550E99A6 /* Pods_Whale.framework */; };
		DBBBB3F9655A95870E6A9165 /* Pods_WhaleUITests.framework in Frameworks */ = {isa = PBXBuildFile; fileRef = A2E515BE67A9DA459B05FB5C /* Pods_WhaleUITests.framework */; };
/* End PBXBuildFile section */

/* Begin PBXContainerItemProxy section */
		052ED9311E6E6F9A0078ABCF /* PBXContainerItemProxy */ = {
			isa = PBXContainerItemProxy;
			containerPortal = 052ED9111E6E6F990078ABCF /* Project object */;
			proxyType = 1;
			remoteGlobalIDString = 052ED9181E6E6F9A0078ABCF;
			remoteInfo = Whale;
		};
		052ED93C1E6E6F9A0078ABCF /* PBXContainerItemProxy */ = {
			isa = PBXContainerItemProxy;
			containerPortal = 052ED9111E6E6F990078ABCF /* Project object */;
			proxyType = 1;
			remoteGlobalIDString = 052ED9181E6E6F9A0078ABCF;
			remoteInfo = Whale;
		};
/* End PBXContainerItemProxy section */

/* Begin PBXFileReference section */
		052BD2021E6E91AB0037287A /* User.swift */ = {isa = PBXFileReference; fileEncoding = 4; lastKnownFileType = sourcecode.swift; path = User.swift; sourceTree = "<group>"; };
		052BD2041E6E936D0037287A /* Answer.swift */ = {isa = PBXFileReference; fileEncoding = 4; lastKnownFileType = sourcecode.swift; path = Answer.swift; sourceTree = "<group>"; };
		052BD2061E6E93740037287A /* Question.swift */ = {isa = PBXFileReference; fileEncoding = 4; lastKnownFileType = sourcecode.swift; path = Question.swift; sourceTree = "<group>"; };
		052BD2081E6E93850037287A /* Comment.swift */ = {isa = PBXFileReference; fileEncoding = 4; lastKnownFileType = sourcecode.swift; path = Comment.swift; sourceTree = "<group>"; };
		052ED9191E6E6F9A0078ABCF /* Whale.app */ = {isa = PBXFileReference; explicitFileType = wrapper.application; includeInIndex = 0; path = Whale.app; sourceTree = BUILT_PRODUCTS_DIR; };
		052ED91C1E6E6F9A0078ABCF /* AppDelegate.swift */ = {isa = PBXFileReference; lastKnownFileType = sourcecode.swift; path = AppDelegate.swift; sourceTree = "<group>"; };
		052ED9211E6E6F9A0078ABCF /* Base */ = {isa = PBXFileReference; lastKnownFileType = file.storyboard; name = Base; path = Base.lproj/Main.storyboard; sourceTree = "<group>"; };
		052ED9241E6E6F9A0078ABCF /* Whale.xcdatamodel */ = {isa = PBXFileReference; explicitFileType = wrapper.xcdatamodel; path = Whale.xcdatamodel; sourceTree = "<group>"; };
		052ED9261E6E6F9A0078ABCF /* Assets.xcassets */ = {isa = PBXFileReference; lastKnownFileType = folder.assetcatalog; path = Assets.xcassets; sourceTree = "<group>"; };
		052ED9291E6E6F9A0078ABCF /* Base */ = {isa = PBXFileReference; lastKnownFileType = file.storyboard; name = Base; path = Base.lproj/LaunchScreen.storyboard; sourceTree = "<group>"; };
		052ED92B1E6E6F9A0078ABCF /* Info.plist */ = {isa = PBXFileReference; lastKnownFileType = text.plist.xml; path = Info.plist; sourceTree = "<group>"; };
		052ED9301E6E6F9A0078ABCF /* WhaleTests.xctest */ = {isa = PBXFileReference; explicitFileType = wrapper.cfbundle; includeInIndex = 0; path = WhaleTests.xctest; sourceTree = BUILT_PRODUCTS_DIR; };
		052ED9341E6E6F9A0078ABCF /* WhaleTests.swift */ = {isa = PBXFileReference; lastKnownFileType = sourcecode.swift; path = WhaleTests.swift; sourceTree = "<group>"; };
		052ED9361E6E6F9A0078ABCF /* Info.plist */ = {isa = PBXFileReference; lastKnownFileType = text.plist.xml; path = Info.plist; sourceTree = "<group>"; };
		052ED93B1E6E6F9A0078ABCF /* WhaleUITests.xctest */ = {isa = PBXFileReference; explicitFileType = wrapper.cfbundle; includeInIndex = 0; path = WhaleUITests.xctest; sourceTree = BUILT_PRODUCTS_DIR; };
		052ED93F1E6E6F9A0078ABCF /* WhaleUITests.swift */ = {isa = PBXFileReference; lastKnownFileType = sourcecode.swift; path = WhaleUITests.swift; sourceTree = "<group>"; };
		052ED9411E6E6F9A0078ABCF /* Info.plist */ = {isa = PBXFileReference; lastKnownFileType = text.plist.xml; path = Info.plist; sourceTree = "<group>"; };
		05AB8956A2960E6ADFD4CFE1 /* Pods-Whale.debug.xcconfig */ = {isa = PBXFileReference; includeInIndex = 1; lastKnownFileType = text.xcconfig; name = "Pods-Whale.debug.xcconfig"; path = "Pods/Target Support Files/Pods-Whale/Pods-Whale.debug.xcconfig"; sourceTree = "<group>"; };
		0A099EF1F1F64FF0550E99A6 /* Pods_Whale.framework */ = {isa = PBXFileReference; explicitFileType = wrapper.framework; includeInIndex = 0; path = Pods_Whale.framework; sourceTree = BUILT_PRODUCTS_DIR; };
		0B022750060D7B58461DF113 /* Pods-WhaleTests.release.xcconfig */ = {isa = PBXFileReference; includeInIndex = 1; lastKnownFileType = text.xcconfig; name = "Pods-WhaleTests.release.xcconfig"; path = "Pods/Target Support Files/Pods-WhaleTests/Pods-WhaleTests.release.xcconfig"; sourceTree = "<group>"; };
		52E8DC4AC28B151038DA4C17 /* Pods-WhaleTests.debug.xcconfig */ = {isa = PBXFileReference; includeInIndex = 1; lastKnownFileType = text.xcconfig; name = "Pods-WhaleTests.debug.xcconfig"; path = "Pods/Target Support Files/Pods-WhaleTests/Pods-WhaleTests.debug.xcconfig"; sourceTree = "<group>"; };
		A2E515BE67A9DA459B05FB5C /* Pods_WhaleUITests.framework */ = {isa = PBXFileReference; explicitFileType = wrapper.framework; includeInIndex = 0; path = Pods_WhaleUITests.framework; sourceTree = BUILT_PRODUCTS_DIR; };
		B3D0E6CA38C2842BC5D61680 /* Pods-Whale.release.xcconfig */ = {isa = PBXFileReference; includeInIndex = 1; lastKnownFileType = text.xcconfig; name = "Pods-Whale.release.xcconfig"; path = "Pods/Target Support Files/Pods-Whale/Pods-Whale.release.xcconfig"; sourceTree = "<group>"; };
		D2FAE584ED896EB1DE72DBB8 /* Pods-WhaleUITests.debug.xcconfig */ = {isa = PBXFileReference; includeInIndex = 1; lastKnownFileType = text.xcconfig; name = "Pods-WhaleUITests.debug.xcconfig"; path = "Pods/Target Support Files/Pods-WhaleUITests/Pods-WhaleUITests.debug.xcconfig"; sourceTree = "<group>"; };
		F66C8A5FFD48505EC281639C /* Pods_WhaleTests.framework */ = {isa = PBXFileReference; explicitFileType = wrapper.framework; includeInIndex = 0; path = Pods_WhaleTests.framework; sourceTree = BUILT_PRODUCTS_DIR; };
		FFE6BFB1C6A0970F90407DC7 /* Pods-WhaleUITests.release.xcconfig */ = {isa = PBXFileReference; includeInIndex = 1; lastKnownFileType = text.xcconfig; name = "Pods-WhaleUITests.release.xcconfig"; path = "Pods/Target Support Files/Pods-WhaleUITests/Pods-WhaleUITests.release.xcconfig"; sourceTree = "<group>"; };
/* End PBXFileReference section */

/* Begin PBXFrameworksBuildPhase section */
		052ED9161E6E6F9A0078ABCF /* Frameworks */ = {
			isa = PBXFrameworksBuildPhase;
			buildActionMask = 2147483647;
			files = (
				9E6293790283056F58A49429 /* Pods_Whale.framework in Frameworks */,
			);
			runOnlyForDeploymentPostprocessing = 0;
		};
		052ED92D1E6E6F9A0078ABCF /* Frameworks */ = {
			isa = PBXFrameworksBuildPhase;
			buildActionMask = 2147483647;
			files = (
				4E33CA33CDDF701186237457 /* Pods_WhaleTests.framework in Frameworks */,
			);
			runOnlyForDeploymentPostprocessing = 0;
		};
		052ED9381E6E6F9A0078ABCF /* Frameworks */ = {
			isa = PBXFrameworksBuildPhase;
			buildActionMask = 2147483647;
			files = (
				DBBBB3F9655A95870E6A9165 /* Pods_WhaleUITests.framework in Frameworks */,
			);
			runOnlyForDeploymentPostprocessing = 0;
		};
/* End PBXFrameworksBuildPhase section */

/* Begin PBXGroup section */
		052BD1FF1E6E914C0037287A /* Networking */ = {
			isa = PBXGroup;
			children = (
				052BD2001E6E914C0037287A /* APIClients */,
				052BD2011E6E914C0037287A /* Models */,
			);
			path = Networking;
			sourceTree = "<group>";
		};
		052BD2001E6E914C0037287A /* APIClients */ = {
			isa = PBXGroup;
			children = (
			);
			path = APIClients;
			sourceTree = "<group>";
		};
		052BD2011E6E914C0037287A /* Models */ = {
			isa = PBXGroup;
			children = (
				052BD2021E6E91AB0037287A /* User.swift */,
				052BD2041E6E936D0037287A /* Answer.swift */,
				052BD2061E6E93740037287A /* Question.swift */,
				052BD2081E6E93850037287A /* Comment.swift */,
			);
			path = Models;
			sourceTree = "<group>";
		};
		052ED9101E6E6F990078ABCF = {
			isa = PBXGroup;
			children = (
				052ED91B1E6E6F9A0078ABCF /* Whale */,
				052ED9331E6E6F9A0078ABCF /* WhaleTests */,
				052ED93E1E6E6F9A0078ABCF /* WhaleUITests */,
				052ED91A1E6E6F9A0078ABCF /* Products */,
				3B793E7E611F2C227B29AAD3 /* Pods */,
				444A4EFCB1A1B28BA024C886 /* Frameworks */,
			);
			sourceTree = "<group>";
		};
		052ED91A1E6E6F9A0078ABCF /* Products */ = {
			isa = PBXGroup;
			children = (
				052ED9191E6E6F9A0078ABCF /* Whale.app */,
				052ED9301E6E6F9A0078ABCF /* WhaleTests.xctest */,
				052ED93B1E6E6F9A0078ABCF /* WhaleUITests.xctest */,
			);
			name = Products;
			sourceTree = "<group>";
		};
		052ED91B1E6E6F9A0078ABCF /* Whale */ = {
			isa = PBXGroup;
			children = (
				052BD1FF1E6E914C0037287A /* Networking */,
				052ED91C1E6E6F9A0078ABCF /* AppDelegate.swift */,
				052ED9201E6E6F9A0078ABCF /* Main.storyboard */,
				052ED9261E6E6F9A0078ABCF /* Assets.xcassets */,
				052ED9281E6E6F9A0078ABCF /* LaunchScreen.storyboard */,
				052ED92B1E6E6F9A0078ABCF /* Info.plist */,
				052ED9231E6E6F9A0078ABCF /* Whale.xcdatamodeld */,
			);
			path = Whale;
			sourceTree = "<group>";
		};
		052ED9331E6E6F9A0078ABCF /* WhaleTests */ = {
			isa = PBXGroup;
			children = (
				052ED9341E6E6F9A0078ABCF /* WhaleTests.swift */,
				052ED9361E6E6F9A0078ABCF /* Info.plist */,
			);
			path = WhaleTests;
			sourceTree = "<group>";
		};
		052ED93E1E6E6F9A0078ABCF /* WhaleUITests */ = {
			isa = PBXGroup;
			children = (
				052ED93F1E6E6F9A0078ABCF /* WhaleUITests.swift */,
				052ED9411E6E6F9A0078ABCF /* Info.plist */,
			);
			path = WhaleUITests;
			sourceTree = "<group>";
		};
		3B793E7E611F2C227B29AAD3 /* Pods */ = {
			isa = PBXGroup;
			children = (
				05AB8956A2960E6ADFD4CFE1 /* Pods-Whale.debug.xcconfig */,
				B3D0E6CA38C2842BC5D61680 /* Pods-Whale.release.xcconfig */,
				52E8DC4AC28B151038DA4C17 /* Pods-WhaleTests.debug.xcconfig */,
				0B022750060D7B58461DF113 /* Pods-WhaleTests.release.xcconfig */,
				D2FAE584ED896EB1DE72DBB8 /* Pods-WhaleUITests.debug.xcconfig */,
				FFE6BFB1C6A0970F90407DC7 /* Pods-WhaleUITests.release.xcconfig */,
			);
			name = Pods;
			sourceTree = "<group>";
		};
		444A4EFCB1A1B28BA024C886 /* Frameworks */ = {
			isa = PBXGroup;
			children = (
				0A099EF1F1F64FF0550E99A6 /* Pods_Whale.framework */,
				F66C8A5FFD48505EC281639C /* Pods_WhaleTests.framework */,
				A2E515BE67A9DA459B05FB5C /* Pods_WhaleUITests.framework */,
			);
			name = Frameworks;
			sourceTree = "<group>";
		};
/* End PBXGroup section */

/* Begin PBXNativeTarget section */
		052ED9181E6E6F9A0078ABCF /* Whale */ = {
			isa = PBXNativeTarget;
			buildConfigurationList = 052ED9441E6E6F9A0078ABCF /* Build configuration list for PBXNativeTarget "Whale" */;
			buildPhases = (
				110AC93E74B9E98B8DEC7A40 /* [CP] Check Pods Manifest.lock */,
				052ED9151E6E6F9A0078ABCF /* Sources */,
				052ED9161E6E6F9A0078ABCF /* Frameworks */,
				052ED9171E6E6F9A0078ABCF /* Resources */,
				FA43908ACAF76AE86CDF57F7 /* [CP] Embed Pods Frameworks */,
				AE854569F57FD6F3339EBFE2 /* [CP] Copy Pods Resources */,
			);
			buildRules = (
			);
			dependencies = (
			);
			name = Whale;
			productName = Whale;
			productReference = 052ED9191E6E6F9A0078ABCF /* Whale.app */;
			productType = "com.apple.product-type.application";
		};
		052ED92F1E6E6F9A0078ABCF /* WhaleTests */ = {
			isa = PBXNativeTarget;
			buildConfigurationList = 052ED9471E6E6F9A0078ABCF /* Build configuration list for PBXNativeTarget "WhaleTests" */;
			buildPhases = (
				E8A00AF922797D2DEF4F55D9 /* [CP] Check Pods Manifest.lock */,
				052ED92C1E6E6F9A0078ABCF /* Sources */,
				052ED92D1E6E6F9A0078ABCF /* Frameworks */,
				052ED92E1E6E6F9A0078ABCF /* Resources */,
				EF2BC5B7B3F61040BA34B5BB /* [CP] Embed Pods Frameworks */,
				9D08219AC13144CCD41CFBF3 /* [CP] Copy Pods Resources */,
			);
			buildRules = (
			);
			dependencies = (
				052ED9321E6E6F9A0078ABCF /* PBXTargetDependency */,
			);
			name = WhaleTests;
			productName = WhaleTests;
			productReference = 052ED9301E6E6F9A0078ABCF /* WhaleTests.xctest */;
			productType = "com.apple.product-type.bundle.unit-test";
		};
		052ED93A1E6E6F9A0078ABCF /* WhaleUITests */ = {
			isa = PBXNativeTarget;
			buildConfigurationList = 052ED94A1E6E6F9A0078ABCF /* Build configuration list for PBXNativeTarget "WhaleUITests" */;
			buildPhases = (
				985C61EFDD9D074C36F85A40 /* [CP] Check Pods Manifest.lock */,
				052ED9371E6E6F9A0078ABCF /* Sources */,
				052ED9381E6E6F9A0078ABCF /* Frameworks */,
				052ED9391E6E6F9A0078ABCF /* Resources */,
				2760DC78AF383CD4B11050D1 /* [CP] Embed Pods Frameworks */,
				4884EC02023F69ADADCF1C8F /* [CP] Copy Pods Resources */,
			);
			buildRules = (
			);
			dependencies = (
				052ED93D1E6E6F9A0078ABCF /* PBXTargetDependency */,
			);
			name = WhaleUITests;
			productName = WhaleUITests;
			productReference = 052ED93B1E6E6F9A0078ABCF /* WhaleUITests.xctest */;
			productType = "com.apple.product-type.bundle.ui-testing";
		};
/* End PBXNativeTarget section */

/* Begin PBXProject section */
		052ED9111E6E6F990078ABCF /* Project object */ = {
			isa = PBXProject;
			attributes = {
				LastSwiftUpdateCheck = 0820;
				LastUpgradeCheck = 0820;
				ORGANIZATIONNAME = "Eliel A. Gordon";
				TargetAttributes = {
					052ED9181E6E6F9A0078ABCF = {
						CreatedOnToolsVersion = 8.2.1;
						DevelopmentTeam = F7AL96RPTB;
						ProvisioningStyle = Automatic;
					};
					052ED92F1E6E6F9A0078ABCF = {
						CreatedOnToolsVersion = 8.2.1;
						DevelopmentTeam = F7AL96RPTB;
						ProvisioningStyle = Automatic;
						TestTargetID = 052ED9181E6E6F9A0078ABCF;
					};
					052ED93A1E6E6F9A0078ABCF = {
						CreatedOnToolsVersion = 8.2.1;
						DevelopmentTeam = F7AL96RPTB;
						ProvisioningStyle = Automatic;
						TestTargetID = 052ED9181E6E6F9A0078ABCF;
					};
				};
			};
			buildConfigurationList = 052ED9141E6E6F990078ABCF /* Build configuration list for PBXProject "Whale" */;
			compatibilityVersion = "Xcode 3.2";
			developmentRegion = English;
			hasScannedForEncodings = 0;
			knownRegions = (
				en,
				Base,
			);
			mainGroup = 052ED9101E6E6F990078ABCF;
			productRefGroup = 052ED91A1E6E6F9A0078ABCF /* Products */;
			projectDirPath = "";
			projectRoot = "";
			targets = (
				052ED9181E6E6F9A0078ABCF /* Whale */,
				052ED92F1E6E6F9A0078ABCF /* WhaleTests */,
				052ED93A1E6E6F9A0078ABCF /* WhaleUITests */,
			);
		};
/* End PBXProject section */

/* Begin PBXResourcesBuildPhase section */
		052ED9171E6E6F9A0078ABCF /* Resources */ = {
			isa = PBXResourcesBuildPhase;
			buildActionMask = 2147483647;
			files = (
				052ED92A1E6E6F9A0078ABCF /* LaunchScreen.storyboard in Resources */,
				052ED9271E6E6F9A0078ABCF /* Assets.xcassets in Resources */,
				052ED9221E6E6F9A0078ABCF /* Main.storyboard in Resources */,
			);
			runOnlyForDeploymentPostprocessing = 0;
		};
		052ED92E1E6E6F9A0078ABCF /* Resources */ = {
			isa = PBXResourcesBuildPhase;
			buildActionMask = 2147483647;
			files = (
			);
			runOnlyForDeploymentPostprocessing = 0;
		};
		052ED9391E6E6F9A0078ABCF /* Resources */ = {
			isa = PBXResourcesBuildPhase;
			buildActionMask = 2147483647;
			files = (
			);
			runOnlyForDeploymentPostprocessing = 0;
		};
/* End PBXResourcesBuildPhase section */

/* Begin PBXShellScriptBuildPhase section */
		110AC93E74B9E98B8DEC7A40 /* [CP] Check Pods Manifest.lock */ = {
			isa = PBXShellScriptBuildPhase;
			buildActionMask = 2147483647;
			files = (
			);
			inputPaths = (
			);
			name = "[CP] Check Pods Manifest.lock";
			outputPaths = (
			);
			runOnlyForDeploymentPostprocessing = 0;
			shellPath = /bin/sh;
			shellScript = "diff \"${PODS_ROOT}/../Podfile.lock\" \"${PODS_ROOT}/Manifest.lock\" > /dev/null\nif [ $? != 0 ] ; then\n    # print error to STDERR\n    echo \"error: The sandbox is not in sync with the Podfile.lock. Run 'pod install' or update your CocoaPods installation.\" >&2\n    exit 1\nfi\n";
			showEnvVarsInLog = 0;
		};
		2760DC78AF383CD4B11050D1 /* [CP] Embed Pods Frameworks */ = {
			isa = PBXShellScriptBuildPhase;
			buildActionMask = 2147483647;
			files = (
			);
			inputPaths = (
			);
			name = "[CP] Embed Pods Frameworks";
			outputPaths = (
			);
			runOnlyForDeploymentPostprocessing = 0;
			shellPath = /bin/sh;
			shellScript = "\"${SRCROOT}/Pods/Target Support Files/Pods-WhaleUITests/Pods-WhaleUITests-frameworks.sh\"\n";
			showEnvVarsInLog = 0;
		};
		4884EC02023F69ADADCF1C8F /* [CP] Copy Pods Resources */ = {
			isa = PBXShellScriptBuildPhase;
			buildActionMask = 2147483647;
			files = (
			);
			inputPaths = (
			);
			name = "[CP] Copy Pods Resources";
			outputPaths = (
			);
			runOnlyForDeploymentPostprocessing = 0;
			shellPath = /bin/sh;
			shellScript = "\"${SRCROOT}/Pods/Target Support Files/Pods-WhaleUITests/Pods-WhaleUITests-resources.sh\"\n";
			showEnvVarsInLog = 0;
		};
		985C61EFDD9D074C36F85A40 /* [CP] Check Pods Manifest.lock */ = {
			isa = PBXShellScriptBuildPhase;
			buildActionMask = 2147483647;
			files = (
			);
			inputPaths = (
			);
			name = "[CP] Check Pods Manifest.lock";
			outputPaths = (
			);
			runOnlyForDeploymentPostprocessing = 0;
			shellPath = /bin/sh;
			shellScript = "diff \"${PODS_ROOT}/../Podfile.lock\" \"${PODS_ROOT}/Manifest.lock\" > /dev/null\nif [ $? != 0 ] ; then\n    # print error to STDERR\n    echo \"error: The sandbox is not in sync with the Podfile.lock. Run 'pod install' or update your CocoaPods installation.\" >&2\n    exit 1\nfi\n";
			showEnvVarsInLog = 0;
		};
		9D08219AC13144CCD41CFBF3 /* [CP] Copy Pods Resources */ = {
			isa = PBXShellScriptBuildPhase;
			buildActionMask = 2147483647;
			files = (
			);
			inputPaths = (
			);
			name = "[CP] Copy Pods Resources";
			outputPaths = (
			);
			runOnlyForDeploymentPostprocessing = 0;
			shellPath = /bin/sh;
			shellScript = "\"${SRCROOT}/Pods/Target Support Files/Pods-WhaleTests/Pods-WhaleTests-resources.sh\"\n";
			showEnvVarsInLog = 0;
		};
		AE854569F57FD6F3339EBFE2 /* [CP] Copy Pods Resources */ = {
			isa = PBXShellScriptBuildPhase;
			buildActionMask = 2147483647;
			files = (
			);
			inputPaths = (
			);
			name = "[CP] Copy Pods Resources";
			outputPaths = (
			);
			runOnlyForDeploymentPostprocessing = 0;
			shellPath = /bin/sh;
			shellScript = "\"${SRCROOT}/Pods/Target Support Files/Pods-Whale/Pods-Whale-resources.sh\"\n";
			showEnvVarsInLog = 0;
		};
		E8A00AF922797D2DEF4F55D9 /* [CP] Check Pods Manifest.lock */ = {
			isa = PBXShellScriptBuildPhase;
			buildActionMask = 2147483647;
			files = (
			);
			inputPaths = (
			);
			name = "[CP] Check Pods Manifest.lock";
			outputPaths = (
			);
			runOnlyForDeploymentPostprocessing = 0;
			shellPath = /bin/sh;
			shellScript = "diff \"${PODS_ROOT}/../Podfile.lock\" \"${PODS_ROOT}/Manifest.lock\" > /dev/null\nif [ $? != 0 ] ; then\n    # print error to STDERR\n    echo \"error: The sandbox is not in sync with the Podfile.lock. Run 'pod install' or update your CocoaPods installation.\" >&2\n    exit 1\nfi\n";
			showEnvVarsInLog = 0;
		};
		EF2BC5B7B3F61040BA34B5BB /* [CP] Embed Pods Frameworks */ = {
			isa = PBXShellScriptBuildPhase;
			buildActionMask = 2147483647;
			files = (
			);
			inputPaths = (
			);
			name = "[CP] Embed Pods Frameworks";
			outputPaths = (
			);
			runOnlyForDeploymentPostprocessing = 0;
			shellPath = /bin/sh;
			shellScript = "\"${SRCROOT}/Pods/Target Support Files/Pods-WhaleTests/Pods-WhaleTests-frameworks.sh\"\n";
			showEnvVarsInLog = 0;
		};
		FA43908ACAF76AE86CDF57F7 /* [CP] Embed Pods Frameworks */ = {
			isa = PBXShellScriptBuildPhase;
			buildActionMask = 2147483647;
			files = (
			);
			inputPaths = (
			);
			name = "[CP] Embed Pods Frameworks";
			outputPaths = (
			);
			runOnlyForDeploymentPostprocessing = 0;
			shellPath = /bin/sh;
			shellScript = "\"${SRCROOT}/Pods/Target Support Files/Pods-Whale/Pods-Whale-frameworks.sh\"\n";
			showEnvVarsInLog = 0;
		};
/* End PBXShellScriptBuildPhase section */

/* Begin PBXSourcesBuildPhase section */
		052ED9151E6E6F9A0078ABCF /* Sources */ = {
			isa = PBXSourcesBuildPhase;
			buildActionMask = 2147483647;
			files = (
				052BD2031E6E91AB0037287A /* User.swift in Sources */,
				052BD2051E6E936D0037287A /* Answer.swift in Sources */,
				052BD2091E6E93850037287A /* Comment.swift in Sources */,
				052BD2071E6E93740037287A /* Question.swift in Sources */,
				052ED91D1E6E6F9A0078ABCF /* AppDelegate.swift in Sources */,
				052ED9251E6E6F9A0078ABCF /* Whale.xcdatamodeld in Sources */,
			);
			runOnlyForDeploymentPostprocessing = 0;
		};
		052ED92C1E6E6F9A0078ABCF /* Sources */ = {
			isa = PBXSourcesBuildPhase;
			buildActionMask = 2147483647;
			files = (
				052ED9351E6E6F9A0078ABCF /* WhaleTests.swift in Sources */,
			);
			runOnlyForDeploymentPostprocessing = 0;
		};
		052ED9371E6E6F9A0078ABCF /* Sources */ = {
			isa = PBXSourcesBuildPhase;
			buildActionMask = 2147483647;
			files = (
				052ED9401E6E6F9A0078ABCF /* WhaleUITests.swift in Sources */,
			);
			runOnlyForDeploymentPostprocessing = 0;
		};
/* End PBXSourcesBuildPhase section */

/* Begin PBXTargetDependency section */
		052ED9321E6E6F9A0078ABCF /* PBXTargetDependency */ = {
			isa = PBXTargetDependency;
			target = 052ED9181E6E6F9A0078ABCF /* Whale */;
			targetProxy = 052ED9311E6E6F9A0078ABCF /* PBXContainerItemProxy */;
		};
		052ED93D1E6E6F9A0078ABCF /* PBXTargetDependency */ = {
			isa = PBXTargetDependency;
			target = 052ED9181E6E6F9A0078ABCF /* Whale */;
			targetProxy = 052ED93C1E6E6F9A0078ABCF /* PBXContainerItemProxy */;
		};
/* End PBXTargetDependency section */

/* Begin PBXVariantGroup section */
		052ED9201E6E6F9A0078ABCF /* Main.storyboard */ = {
			isa = PBXVariantGroup;
			children = (
				052ED9211E6E6F9A0078ABCF /* Base */,
			);
			name = Main.storyboard;
			sourceTree = "<group>";
		};
		052ED9281E6E6F9A0078ABCF /* LaunchScreen.storyboard */ = {
			isa = PBXVariantGroup;
			children = (
				052ED9291E6E6F9A0078ABCF /* Base */,
			);
			name = LaunchScreen.storyboard;
			sourceTree = "<group>";
		};
/* End PBXVariantGroup section */

/* Begin XCBuildConfiguration section */
		052ED9421E6E6F9A0078ABCF /* Debug */ = {
			isa = XCBuildConfiguration;
			buildSettings = {
				ALWAYS_SEARCH_USER_PATHS = NO;
				CLANG_ANALYZER_NONNULL = YES;
				CLANG_CXX_LANGUAGE_STANDARD = "gnu++0x";
				CLANG_CXX_LIBRARY = "libc++";
				CLANG_ENABLE_MODULES = YES;
				CLANG_ENABLE_OBJC_ARC = YES;
				CLANG_WARN_BOOL_CONVERSION = YES;
				CLANG_WARN_CONSTANT_CONVERSION = YES;
				CLANG_WARN_DIRECT_OBJC_ISA_USAGE = YES_ERROR;
				CLANG_WARN_DOCUMENTATION_COMMENTS = YES;
				CLANG_WARN_EMPTY_BODY = YES;
				CLANG_WARN_ENUM_CONVERSION = YES;
				CLANG_WARN_INFINITE_RECURSION = YES;
				CLANG_WARN_INT_CONVERSION = YES;
				CLANG_WARN_OBJC_ROOT_CLASS = YES_ERROR;
				CLANG_WARN_SUSPICIOUS_MOVE = YES;
				CLANG_WARN_UNREACHABLE_CODE = YES;
				CLANG_WARN__DUPLICATE_METHOD_MATCH = YES;
				"CODE_SIGN_IDENTITY[sdk=iphoneos*]" = "iPhone Developer";
				COPY_PHASE_STRIP = NO;
				DEBUG_INFORMATION_FORMAT = dwarf;
				ENABLE_STRICT_OBJC_MSGSEND = YES;
				ENABLE_TESTABILITY = YES;
				GCC_C_LANGUAGE_STANDARD = gnu99;
				GCC_DYNAMIC_NO_PIC = NO;
				GCC_NO_COMMON_BLOCKS = YES;
				GCC_OPTIMIZATION_LEVEL = 0;
				GCC_PREPROCESSOR_DEFINITIONS = (
					"DEBUG=1",
					"$(inherited)",
				);
				GCC_WARN_64_TO_32_BIT_CONVERSION = YES;
				GCC_WARN_ABOUT_RETURN_TYPE = YES_ERROR;
				GCC_WARN_UNDECLARED_SELECTOR = YES;
				GCC_WARN_UNINITIALIZED_AUTOS = YES_AGGRESSIVE;
				GCC_WARN_UNUSED_FUNCTION = YES;
				GCC_WARN_UNUSED_VARIABLE = YES;
				IPHONEOS_DEPLOYMENT_TARGET = 10.2;
				MTL_ENABLE_DEBUG_INFO = YES;
				ONLY_ACTIVE_ARCH = YES;
				SDKROOT = iphoneos;
				SWIFT_ACTIVE_COMPILATION_CONDITIONS = DEBUG;
				SWIFT_OPTIMIZATION_LEVEL = "-Onone";
				TARGETED_DEVICE_FAMILY = "1,2";
			};
			name = Debug;
		};
		052ED9431E6E6F9A0078ABCF /* Release */ = {
			isa = XCBuildConfiguration;
			buildSettings = {
				ALWAYS_SEARCH_USER_PATHS = NO;
				CLANG_ANALYZER_NONNULL = YES;
				CLANG_CXX_LANGUAGE_STANDARD = "gnu++0x";
				CLANG_CXX_LIBRARY = "libc++";
				CLANG_ENABLE_MODULES = YES;
				CLANG_ENABLE_OBJC_ARC = YES;
				CLANG_WARN_BOOL_CONVERSION = YES;
				CLANG_WARN_CONSTANT_CONVERSION = YES;
				CLANG_WARN_DIRECT_OBJC_ISA_USAGE = YES_ERROR;
				CLANG_WARN_DOCUMENTATION_COMMENTS = YES;
				CLANG_WARN_EMPTY_BODY = YES;
				CLANG_WARN_ENUM_CONVERSION = YES;
				CLANG_WARN_INFINITE_RECURSION = YES;
				CLANG_WARN_INT_CONVERSION = YES;
				CLANG_WARN_OBJC_ROOT_CLASS = YES_ERROR;
				CLANG_WARN_SUSPICIOUS_MOVE = YES;
				CLANG_WARN_UNREACHABLE_CODE = YES;
				CLANG_WARN__DUPLICATE_METHOD_MATCH = YES;
				"CODE_SIGN_IDENTITY[sdk=iphoneos*]" = "iPhone Developer";
				COPY_PHASE_STRIP = NO;
				DEBUG_INFORMATION_FORMAT = "dwarf-with-dsym";
				ENABLE_NS_ASSERTIONS = NO;
				ENABLE_STRICT_OBJC_MSGSEND = YES;
				GCC_C_LANGUAGE_STANDARD = gnu99;
				GCC_NO_COMMON_BLOCKS = YES;
				GCC_WARN_64_TO_32_BIT_CONVERSION = YES;
				GCC_WARN_ABOUT_RETURN_TYPE = YES_ERROR;
				GCC_WARN_UNDECLARED_SELECTOR = YES;
				GCC_WARN_UNINITIALIZED_AUTOS = YES_AGGRESSIVE;
				GCC_WARN_UNUSED_FUNCTION = YES;
				GCC_WARN_UNUSED_VARIABLE = YES;
				IPHONEOS_DEPLOYMENT_TARGET = 10.2;
				MTL_ENABLE_DEBUG_INFO = NO;
				SDKROOT = iphoneos;
				SWIFT_OPTIMIZATION_LEVEL = "-Owholemodule";
				TARGETED_DEVICE_FAMILY = "1,2";
				VALIDATE_PRODUCT = YES;
			};
			name = Release;
		};
		052ED9451E6E6F9A0078ABCF /* Debug */ = {
			isa = XCBuildConfiguration;
			baseConfigurationReference = 05AB8956A2960E6ADFD4CFE1 /* Pods-Whale.debug.xcconfig */;
			buildSettings = {
				ASSETCATALOG_COMPILER_APPICON_NAME = AppIcon;
				DEVELOPMENT_TEAM = F7AL96RPTB;
				INFOPLIST_FILE = Whale/Info.plist;
				LD_RUNPATH_SEARCH_PATHS = "$(inherited) @executable_path/Frameworks";
				PRODUCT_BUNDLE_IDENTIFIER = com.gordoneliel.Whale;
				PRODUCT_NAME = "$(TARGET_NAME)";
				SWIFT_VERSION = 3.0;
			};
			name = Debug;
		};
		052ED9461E6E6F9A0078ABCF /* Release */ = {
			isa = XCBuildConfiguration;
			baseConfigurationReference = B3D0E6CA38C2842BC5D61680 /* Pods-Whale.release.xcconfig */;
			buildSettings = {
				ASSETCATALOG_COMPILER_APPICON_NAME = AppIcon;
				DEVELOPMENT_TEAM = F7AL96RPTB;
				INFOPLIST_FILE = Whale/Info.plist;
				LD_RUNPATH_SEARCH_PATHS = "$(inherited) @executable_path/Frameworks";
				PRODUCT_BUNDLE_IDENTIFIER = com.gordoneliel.Whale;
				PRODUCT_NAME = "$(TARGET_NAME)";
				SWIFT_VERSION = 3.0;
			};
			name = Release;
		};
		052ED9481E6E6F9A0078ABCF /* Debug */ = {
			isa = XCBuildConfiguration;
			baseConfigurationReference = 52E8DC4AC28B151038DA4C17 /* Pods-WhaleTests.debug.xcconfig */;
			buildSettings = {
				ALWAYS_EMBED_SWIFT_STANDARD_LIBRARIES = YES;
				BUNDLE_LOADER = "$(TEST_HOST)";
				DEVELOPMENT_TEAM = F7AL96RPTB;
				INFOPLIST_FILE = WhaleTests/Info.plist;
				LD_RUNPATH_SEARCH_PATHS = "$(inherited) @executable_path/Frameworks @loader_path/Frameworks";
				PRODUCT_BUNDLE_IDENTIFIER = com.gordoneliel.WhaleTests;
				PRODUCT_NAME = "$(TARGET_NAME)";
				SWIFT_VERSION = 3.0;
				TEST_HOST = "$(BUILT_PRODUCTS_DIR)/Whale.app/Whale";
			};
			name = Debug;
		};
		052ED9491E6E6F9A0078ABCF /* Release */ = {
			isa = XCBuildConfiguration;
			baseConfigurationReference = 0B022750060D7B58461DF113 /* Pods-WhaleTests.release.xcconfig */;
			buildSettings = {
				ALWAYS_EMBED_SWIFT_STANDARD_LIBRARIES = YES;
				BUNDLE_LOADER = "$(TEST_HOST)";
				DEVELOPMENT_TEAM = F7AL96RPTB;
				INFOPLIST_FILE = WhaleTests/Info.plist;
				LD_RUNPATH_SEARCH_PATHS = "$(inherited) @executable_path/Frameworks @loader_path/Frameworks";
				PRODUCT_BUNDLE_IDENTIFIER = com.gordoneliel.WhaleTests;
				PRODUCT_NAME = "$(TARGET_NAME)";
				SWIFT_VERSION = 3.0;
				TEST_HOST = "$(BUILT_PRODUCTS_DIR)/Whale.app/Whale";
			};
			name = Release;
		};
		052ED94B1E6E6F9A0078ABCF /* Debug */ = {
			isa = XCBuildConfiguration;
			baseConfigurationReference = D2FAE584ED896EB1DE72DBB8 /* Pods-WhaleUITests.debug.xcconfig */;
			buildSettings = {
				ALWAYS_EMBED_SWIFT_STANDARD_LIBRARIES = YES;
				DEVELOPMENT_TEAM = F7AL96RPTB;
				INFOPLIST_FILE = WhaleUITests/Info.plist;
				LD_RUNPATH_SEARCH_PATHS = "$(inherited) @executable_path/Frameworks @loader_path/Frameworks";
				PRODUCT_BUNDLE_IDENTIFIER = com.gordoneliel.WhaleUITests;
				PRODUCT_NAME = "$(TARGET_NAME)";
				SWIFT_VERSION = 3.0;
				TEST_TARGET_NAME = Whale;
			};
			name = Debug;
		};
		052ED94C1E6E6F9A0078ABCF /* Release */ = {
			isa = XCBuildConfiguration;
			baseConfigurationReference = FFE6BFB1C6A0970F90407DC7 /* Pods-WhaleUITests.release.xcconfig */;
			buildSettings = {
				ALWAYS_EMBED_SWIFT_STANDARD_LIBRARIES = YES;
				DEVELOPMENT_TEAM = F7AL96RPTB;
				INFOPLIST_FILE = WhaleUITests/Info.plist;
				LD_RUNPATH_SEARCH_PATHS = "$(inherited) @executable_path/Frameworks @loader_path/Frameworks";
				PRODUCT_BUNDLE_IDENTIFIER = com.gordoneliel.WhaleUITests;
				PRODUCT_NAME = "$(TARGET_NAME)";
				SWIFT_VERSION = 3.0;
				TEST_TARGET_NAME = Whale;
			};
			name = Release;
		};
/* End XCBuildConfiguration section */

/* Begin XCConfigurationList section */
		052ED9141E6E6F990078ABCF /* Build configuration list for PBXProject "Whale" */ = {
			isa = XCConfigurationList;
			buildConfigurations = (
				052ED9421E6E6F9A0078ABCF /* Debug */,
				052ED9431E6E6F9A0078ABCF /* Release */,
			);
			defaultConfigurationIsVisible = 0;
			defaultConfigurationName = Release;
		};
		052ED9441E6E6F9A0078ABCF /* Build configuration list for PBXNativeTarget "Whale" */ = {
			isa = XCConfigurationList;
			buildConfigurations = (
				052ED9451E6E6F9A0078ABCF /* Debug */,
				052ED9461E6E6F9A0078ABCF /* Release */,
			);
			defaultConfigurationIsVisible = 0;
			defaultConfigurationName = Release;
		};
		052ED9471E6E6F9A0078ABCF /* Build configuration list for PBXNativeTarget "WhaleTests" */ = {
			isa = XCConfigurationList;
			buildConfigurations = (
				052ED9481E6E6F9A0078ABCF /* Debug */,
				052ED9491E6E6F9A0078ABCF /* Release */,
			);
			defaultConfigurationIsVisible = 0;
			defaultConfigurationName = Release;
		};
		052ED94A1E6E6F9A0078ABCF /* Build configuration list for PBXNativeTarget "WhaleUITests" */ = {
			isa = XCConfigurationList;
			buildConfigurations = (
				052ED94B1E6E6F9A0078ABCF /* Debug */,
				052ED94C1E6E6F9A0078ABCF /* Release */,
			);
			defaultConfigurationIsVisible = 0;
			defaultConfigurationName = Release;
		};
/* End XCConfigurationList section */

/* Begin XCVersionGroup section */
		052ED9231E6E6F9A0078ABCF /* Whale.xcdatamodeld */ = {
			isa = XCVersionGroup;
			children = (
				052ED9241E6E6F9A0078ABCF /* Whale.xcdatamodel */,
			);
			currentVersion = 052ED9241E6E6F9A0078ABCF /* Whale.xcdatamodel */;
			path = Whale.xcdatamodeld;
			sourceTree = "<group>";
			versionGroupType = wrapper.xcdatamodel;
		};
/* End XCVersionGroup section */
	};
	rootObject = 052ED9111E6E6F990078ABCF /* Project object */;
}
