// !$*UTF8*$!
{
	archiveVersion = 1;
	classes = {
	};
	objectVersion = 46;
	objects = {

/* Begin PBXBuildFile section */
		050A0D6F1E7154EF00A5659F /* UIScrollView+Extension.swift in Sources */ = {isa = PBXBuildFile; fileRef = 050A0D6E1E7154EF00A5659F /* UIScrollView+Extension.swift */; };
		050A0D711E71D08A00A5659F /* HomeViewModel.swift in Sources */ = {isa = PBXBuildFile; fileRef = 050A0D701E71D08A00A5659F /* HomeViewModel.swift */; };
		050A0D731E71D0B600A5659F /* HomeOperation.swift in Sources */ = {isa = PBXBuildFile; fileRef = 050A0D721E71D0B600A5659F /* HomeOperation.swift */; };
		050A0D751E71D0D100A5659F /* AsyncOperation.swift in Sources */ = {isa = PBXBuildFile; fileRef = 050A0D741E71D0D100A5659F /* AsyncOperation.swift */; };
		050A0D781E71E17400A5659F /* VideoPlayerViewController.swift in Sources */ = {isa = PBXBuildFile; fileRef = 050A0D771E71E17400A5659F /* VideoPlayerViewController.swift */; };
		050A0D811E71ED9D00A5659F /* ListLayout.swift in Sources */ = {isa = PBXBuildFile; fileRef = 050A0D801E71ED9D00A5659F /* ListLayout.swift */; };
		050A0D831E71F80000A5659F /* VideoPlayerView.swift in Sources */ = {isa = PBXBuildFile; fileRef = 050A0D821E71F80000A5659F /* VideoPlayerView.swift */; };
		052BD2031E6E91AB0037287A /* JSONUser.swift in Sources */ = {isa = PBXBuildFile; fileRef = 052BD2021E6E91AB0037287A /* JSONUser.swift */; };
		052BD2051E6E936D0037287A /* JSONAnswer.swift in Sources */ = {isa = PBXBuildFile; fileRef = 052BD2041E6E936D0037287A /* JSONAnswer.swift */; };
		052BD2071E6E93740037287A /* JSONQuestion.swift in Sources */ = {isa = PBXBuildFile; fileRef = 052BD2061E6E93740037287A /* JSONQuestion.swift */; };
		052BD2091E6E93850037287A /* JSONComment.swift in Sources */ = {isa = PBXBuildFile; fileRef = 052BD2081E6E93850037287A /* JSONComment.swift */; };
		052BD2111E6E97CE0037287A /* AnswerCell.swift in Sources */ = {isa = PBXBuildFile; fileRef = 052BD20F1E6E97CE0037287A /* AnswerCell.swift */; };
		052BD2121E6E97CE0037287A /* AnswerCell.xib in Resources */ = {isa = PBXBuildFile; fileRef = 052BD2101E6E97CE0037287A /* AnswerCell.xib */; };
		052BD2141E6E9B060037287A /* Home.storyboard in Resources */ = {isa = PBXBuildFile; fileRef = 052BD2131E6E9B060037287A /* Home.storyboard */; };
		052BD2161E6E9B170037287A /* Search.storyboard in Resources */ = {isa = PBXBuildFile; fileRef = 052BD2151E6E9B170037287A /* Search.storyboard */; };
		052BD2181E6E9B230037287A /* Activity.storyboard in Resources */ = {isa = PBXBuildFile; fileRef = 052BD2171E6E9B230037287A /* Activity.storyboard */; };
		052BD21A1E6E9B2E0037287A /* Profile.storyboard in Resources */ = {isa = PBXBuildFile; fileRef = 052BD2191E6E9B2E0037287A /* Profile.storyboard */; };
		052BD2241E6EA7110037287A /* CoreApiClient.swift in Sources */ = {isa = PBXBuildFile; fileRef = 052BD2231E6EA7110037287A /* CoreApiClient.swift */; };
		052BD2261E6EAB390037287A /* Networking.swift in Sources */ = {isa = PBXBuildFile; fileRef = 052BD2251E6EAB390037287A /* Networking.swift */; };
		052ED91D1E6E6F9A0078ABCF /* AppDelegate.swift in Sources */ = {isa = PBXBuildFile; fileRef = 052ED91C1E6E6F9A0078ABCF /* AppDelegate.swift */; };
		052ED9221E6E6F9A0078ABCF /* Main.storyboard in Resources */ = {isa = PBXBuildFile; fileRef = 052ED9201E6E6F9A0078ABCF /* Main.storyboard */; };
		052ED9251E6E6F9A0078ABCF /* Whale.xcdatamodeld in Sources */ = {isa = PBXBuildFile; fileRef = 052ED9231E6E6F9A0078ABCF /* Whale.xcdatamodeld */; };
		052ED9271E6E6F9A0078ABCF /* Assets.xcassets in Resources */ = {isa = PBXBuildFile; fileRef = 052ED9261E6E6F9A0078ABCF /* Assets.xcassets */; };
		052ED92A1E6E6F9A0078ABCF /* LaunchScreen.storyboard in Resources */ = {isa = PBXBuildFile; fileRef = 052ED9281E6E6F9A0078ABCF /* LaunchScreen.storyboard */; };
		054B5D221E70823700E7EE4D /* WhaleSynchronizer.swift in Sources */ = {isa = PBXBuildFile; fileRef = 054B5D211E70823700E7EE4D /* WhaleSynchronizer.swift */; };
		054B5D251E7089EE00E7EE4D /* Moya+Extensions.swift in Sources */ = {isa = PBXBuildFile; fileRef = 054B5D241E7089EE00E7EE4D /* Moya+Extensions.swift */; };
		055C01521E78502600EDE252 /* User.swift in Sources */ = {isa = PBXBuildFile; fileRef = 055C01511E78502600EDE252 /* User.swift */; };
		055C01541E78503800EDE252 /* User+CoreDataProperties.swift in Sources */ = {isa = PBXBuildFile; fileRef = 055C01531E78503800EDE252 /* User+CoreDataProperties.swift */; };
		05634E821E6F5B6E00116D47 /* ActivityViewController.swift in Sources */ = {isa = PBXBuildFile; fileRef = 05634E7B1E6F5B6E00116D47 /* ActivityViewController.swift */; };
		05634E831E6F5B6E00116D47 /* HomeViewController.swift in Sources */ = {isa = PBXBuildFile; fileRef = 05634E7D1E6F5B6E00116D47 /* HomeViewController.swift */; };
		05634E841E6F5B6E00116D47 /* ProfileViewController.swift in Sources */ = {isa = PBXBuildFile; fileRef = 05634E7F1E6F5B6E00116D47 /* ProfileViewController.swift */; };
		05634E851E6F5B6E00116D47 /* SearchViewController.swift in Sources */ = {isa = PBXBuildFile; fileRef = 05634E811E6F5B6E00116D47 /* SearchViewController.swift */; };
		05634E871E6F5CAE00116D47 /* Authentication.storyboard in Resources */ = {isa = PBXBuildFile; fileRef = 05634E861E6F5CAE00116D47 /* Authentication.storyboard */; };
		05634E8B1E6F87A600116D47 /* CoreDataStack.swift in Sources */ = {isa = PBXBuildFile; fileRef = 05634E8A1E6F87A600116D47 /* CoreDataStack.swift */; };
		05634E8E1E6F897700116D47 /* Answer.swift in Sources */ = {isa = PBXBuildFile; fileRef = 05634E8D1E6F897700116D47 /* Answer.swift */; };
		05634E901E6F8B5500116D47 /* Question.swift in Sources */ = {isa = PBXBuildFile; fileRef = 05634E8F1E6F8B5500116D47 /* Question.swift */; };
		05634E931E6F8F3300116D47 /* NSManagedObject+Extensions.swift in Sources */ = {isa = PBXBuildFile; fileRef = 05634E921E6F8F3300116D47 /* NSManagedObject+Extensions.swift */; };
		05634E951E6F92AE00116D47 /* CoreDataClient.swift in Sources */ = {isa = PBXBuildFile; fileRef = 05634E941E6F92AE00116D47 /* CoreDataClient.swift */; };
		0563DF951E763B5800184D5E /* ProfileSectionModel.swift in Sources */ = {isa = PBXBuildFile; fileRef = 0563DF941E763B5800184D5E /* ProfileSectionModel.swift */; };
		0563DF981E763FE500184D5E /* DesignableButton.swift in Sources */ = {isa = PBXBuildFile; fileRef = 0563DF971E763FE500184D5E /* DesignableButton.swift */; };
		0563DF9A1E76422600184D5E /* CircularImageView.swift in Sources */ = {isa = PBXBuildFile; fileRef = 0563DF991E76422600184D5E /* CircularImageView.swift */; };
		0563DF9C1E76600B00184D5E /* VideoPlayerViewModel.swift in Sources */ = {isa = PBXBuildFile; fileRef = 0563DF9B1E76600B00184D5E /* VideoPlayerViewModel.swift */; };
		0563DF9F1E767A7400184D5E /* CommentViewController.swift in Sources */ = {isa = PBXBuildFile; fileRef = 0563DF9E1E767A7400184D5E /* CommentViewController.swift */; };
		0563DFA21E767BB300184D5E /* CommentCell.swift in Sources */ = {isa = PBXBuildFile; fileRef = 0563DFA01E767BB300184D5E /* CommentCell.swift */; };
		0563DFA31E767BB300184D5E /* CommentCell.xib in Resources */ = {isa = PBXBuildFile; fileRef = 0563DFA11E767BB300184D5E /* CommentCell.xib */; };
		0563DFA51E767F1500184D5E /* CommentViewModel.swift in Sources */ = {isa = PBXBuildFile; fileRef = 0563DFA41E767F1500184D5E /* CommentViewModel.swift */; };
		0563DFA71E7680CE00184D5E /* CommentSectionModel.swift in Sources */ = {isa = PBXBuildFile; fileRef = 0563DFA61E7680CE00184D5E /* CommentSectionModel.swift */; };
		059EDD381E711C830042B621 /* PageData.swift in Sources */ = {isa = PBXBuildFile; fileRef = 059EDD371E711C830042B621 /* PageData.swift */; };
		059EDD3B1E7130C00042B621 /* SectionedDataSource.swift in Sources */ = {isa = PBXBuildFile; fileRef = 059EDD3A1E7130C00042B621 /* SectionedDataSource.swift */; };
		059EDD3E1E7132BE0042B621 /* NibLoadable.swift in Sources */ = {isa = PBXBuildFile; fileRef = 059EDD3D1E7132BE0042B621 /* NibLoadable.swift */; };
		059EDD401E7132DA0042B621 /* UICollectionView+Extensions.swift in Sources */ = {isa = PBXBuildFile; fileRef = 059EDD3F1E7132DA0042B621 /* UICollectionView+Extensions.swift */; };
		05DF705F1E77EAB2006D2F7E /* HomeSectionModel.swift in Sources */ = {isa = PBXBuildFile; fileRef = 05DF705E1E77EAB2006D2F7E /* HomeSectionModel.swift */; };
		05F41A331E74720A002E838F /* UserProfileCell.swift in Sources */ = {isa = PBXBuildFile; fileRef = 05F41A311E74720A002E838F /* UserProfileCell.swift */; };
		05F41A341E74720A002E838F /* UserProfileCell.xib in Resources */ = {isa = PBXBuildFile; fileRef = 05F41A321E74720A002E838F /* UserProfileCell.xib */; };
		05F41A371E752F4F002E838F /* WhaleTabBarController.swift in Sources */ = {isa = PBXBuildFile; fileRef = 05F41A361E752F4F002E838F /* WhaleTabBarController.swift */; };
		05F41A391E7531C9002E838F /* TabBarViewModel.swift in Sources */ = {isa = PBXBuildFile; fileRef = 05F41A381E7531C9002E838F /* TabBarViewModel.swift */; };
		05F41A3B1E753574002E838F /* Storyboard.swift in Sources */ = {isa = PBXBuildFile; fileRef = 05F41A3A1E753574002E838F /* Storyboard.swift */; };
		05F41A3D1E75369F002E838F /* UIViewController+Extensions.swift in Sources */ = {isa = PBXBuildFile; fileRef = 05F41A3C1E75369F002E838F /* UIViewController+Extensions.swift */; };
		05F41A401E754E29002E838F /* GenericHeaderCell.swift in Sources */ = {isa = PBXBuildFile; fileRef = 05F41A3E1E754E29002E838F /* GenericHeaderCell.swift */; };
		05F41A411E754E29002E838F /* GenericHeaderCell.xib in Resources */ = {isa = PBXBuildFile; fileRef = 05F41A3F1E754E29002E838F /* GenericHeaderCell.xib */; };
		05F41A431E75559C002E838F /* ProfileViewModel.swift in Sources */ = {isa = PBXBuildFile; fileRef = 05F41A421E75559C002E838F /* ProfileViewModel.swift */; };
		05F41A451E762374002E838F /* UserProfileCellViewModel.swift in Sources */ = {isa = PBXBuildFile; fileRef = 05F41A441E762374002E838F /* UserProfileCellViewModel.swift */; };
		05FD75101E6FED07005B3715 /* Answer+CoreDataProperties.swift in Sources */ = {isa = PBXBuildFile; fileRef = 05FD750F1E6FED07005B3715 /* Answer+CoreDataProperties.swift */; };
		05FD75121E6FEEA4005B3715 /* Question+CoreDataProperties.swift in Sources */ = {isa = PBXBuildFile; fileRef = 05FD75111E6FEEA4005B3715 /* Question+CoreDataProperties.swift */; };
		4E33CA33CDDF701186237457 /* Pods_WhaleTests.framework in Frameworks */ = {isa = PBXBuildFile; fileRef = F66C8A5FFD48505EC281639C /* Pods_WhaleTests.framework */; };
		9E6293790283056F58A49429 /* Pods_Whale.framework in Frameworks */ = {isa = PBXBuildFile; fileRef = 0A099EF1F1F64FF0550E99A6 /* Pods_Whale.framework */; };
		DBBBB3F9655A95870E6A9165 /* Pods_WhaleUITests.framework in Frameworks */ = {isa = PBXBuildFile; fileRef = A2E515BE67A9DA459B05FB5C /* Pods_WhaleUITests.framework */; };
/* End PBXBuildFile section */

/* Begin PBXContainerItemProxy section */
		052ED9311E6E6F9A0078ABCF /* PBXContainerItemProxy */ = {
			isa = PBXContainerItemProxy;
			containerPortal = 052ED9111E6E6F990078ABCF /* Project object */;
			proxyType = 1;
			remoteGlobalIDString = 052ED9181E6E6F9A0078ABCF;
			remoteInfo = Whale;
		};
		052ED93C1E6E6F9A0078ABCF /* PBXContainerItemProxy */ = {
			isa = PBXContainerItemProxy;
			containerPortal = 052ED9111E6E6F990078ABCF /* Project object */;
			proxyType = 1;
			remoteGlobalIDString = 052ED9181E6E6F9A0078ABCF;
			remoteInfo = Whale;
		};
/* End PBXContainerItemProxy section */

/* Begin PBXFileReference section */
		050A0D6E1E7154EF00A5659F /* UIScrollView+Extension.swift */ = {isa = PBXFileReference; fileEncoding = 4; lastKnownFileType = sourcecode.swift; path = "UIScrollView+Extension.swift"; sourceTree = "<group>"; };
		050A0D701E71D08A00A5659F /* HomeViewModel.swift */ = {isa = PBXFileReference; fileEncoding = 4; lastKnownFileType = sourcecode.swift; path = HomeViewModel.swift; sourceTree = "<group>"; };
		050A0D721E71D0B600A5659F /* HomeOperation.swift */ = {isa = PBXFileReference; fileEncoding = 4; lastKnownFileType = sourcecode.swift; path = HomeOperation.swift; sourceTree = "<group>"; };
		050A0D741E71D0D100A5659F /* AsyncOperation.swift */ = {isa = PBXFileReference; fileEncoding = 4; lastKnownFileType = sourcecode.swift; path = AsyncOperation.swift; sourceTree = "<group>"; };
		050A0D771E71E17400A5659F /* VideoPlayerViewController.swift */ = {isa = PBXFileReference; fileEncoding = 4; lastKnownFileType = sourcecode.swift; path = VideoPlayerViewController.swift; sourceTree = "<group>"; };
		050A0D801E71ED9D00A5659F /* ListLayout.swift */ = {isa = PBXFileReference; fileEncoding = 4; lastKnownFileType = sourcecode.swift; path = ListLayout.swift; sourceTree = "<group>"; };
		050A0D821E71F80000A5659F /* VideoPlayerView.swift */ = {isa = PBXFileReference; fileEncoding = 4; lastKnownFileType = sourcecode.swift; path = VideoPlayerView.swift; sourceTree = "<group>"; };
		052BD2021E6E91AB0037287A /* JSONUser.swift */ = {isa = PBXFileReference; fileEncoding = 4; lastKnownFileType = sourcecode.swift; path = JSONUser.swift; sourceTree = "<group>"; };
		052BD2041E6E936D0037287A /* JSONAnswer.swift */ = {isa = PBXFileReference; fileEncoding = 4; lastKnownFileType = sourcecode.swift; path = JSONAnswer.swift; sourceTree = "<group>"; };
		052BD2061E6E93740037287A /* JSONQuestion.swift */ = {isa = PBXFileReference; fileEncoding = 4; lastKnownFileType = sourcecode.swift; path = JSONQuestion.swift; sourceTree = "<group>"; };
		052BD2081E6E93850037287A /* JSONComment.swift */ = {isa = PBXFileReference; fileEncoding = 4; lastKnownFileType = sourcecode.swift; path = JSONComment.swift; sourceTree = "<group>"; };
		052BD20F1E6E97CE0037287A /* AnswerCell.swift */ = {isa = PBXFileReference; fileEncoding = 4; lastKnownFileType = sourcecode.swift; path = AnswerCell.swift; sourceTree = "<group>"; };
		052BD2101E6E97CE0037287A /* AnswerCell.xib */ = {isa = PBXFileReference; fileEncoding = 4; lastKnownFileType = file.xib; path = AnswerCell.xib; sourceTree = "<group>"; };
		052BD2131E6E9B060037287A /* Home.storyboard */ = {isa = PBXFileReference; fileEncoding = 4; lastKnownFileType = file.storyboard; path = Home.storyboard; sourceTree = "<group>"; };
		052BD2151E6E9B170037287A /* Search.storyboard */ = {isa = PBXFileReference; fileEncoding = 4; lastKnownFileType = file.storyboard; path = Search.storyboard; sourceTree = "<group>"; };
		052BD2171E6E9B230037287A /* Activity.storyboard */ = {isa = PBXFileReference; fileEncoding = 4; lastKnownFileType = file.storyboard; path = Activity.storyboard; sourceTree = "<group>"; };
		052BD2191E6E9B2E0037287A /* Profile.storyboard */ = {isa = PBXFileReference; fileEncoding = 4; lastKnownFileType = file.storyboard; path = Profile.storyboard; sourceTree = "<group>"; };
		052BD2231E6EA7110037287A /* CoreApiClient.swift */ = {isa = PBXFileReference; fileEncoding = 4; lastKnownFileType = sourcecode.swift; path = CoreApiClient.swift; sourceTree = "<group>"; };
		052BD2251E6EAB390037287A /* Networking.swift */ = {isa = PBXFileReference; fileEncoding = 4; lastKnownFileType = sourcecode.swift; path = Networking.swift; sourceTree = "<group>"; };
		052ED9191E6E6F9A0078ABCF /* Whale.app */ = {isa = PBXFileReference; explicitFileType = wrapper.application; includeInIndex = 0; path = Whale.app; sourceTree = BUILT_PRODUCTS_DIR; };
		052ED91C1E6E6F9A0078ABCF /* AppDelegate.swift */ = {isa = PBXFileReference; lastKnownFileType = sourcecode.swift; path = AppDelegate.swift; sourceTree = "<group>"; };
		052ED9211E6E6F9A0078ABCF /* Base */ = {isa = PBXFileReference; lastKnownFileType = file.storyboard; name = Base; path = Base.lproj/Main.storyboard; sourceTree = "<group>"; };
		052ED9241E6E6F9A0078ABCF /* Whale.xcdatamodel */ = {isa = PBXFileReference; explicitFileType = wrapper.xcdatamodel; path = Whale.xcdatamodel; sourceTree = "<group>"; };
		052ED9261E6E6F9A0078ABCF /* Assets.xcassets */ = {isa = PBXFileReference; lastKnownFileType = folder.assetcatalog; path = Assets.xcassets; sourceTree = "<group>"; };
		052ED9291E6E6F9A0078ABCF /* Base */ = {isa = PBXFileReference; lastKnownFileType = file.storyboard; name = Base; path = Base.lproj/LaunchScreen.storyboard; sourceTree = "<group>"; };
		052ED92B1E6E6F9A0078ABCF /* Info.plist */ = {isa = PBXFileReference; lastKnownFileType = text.plist.xml; path = Info.plist; sourceTree = "<group>"; };
		052ED9301E6E6F9A0078ABCF /* WhaleTests.xctest */ = {isa = PBXFileReference; explicitFileType = wrapper.cfbundle; includeInIndex = 0; path = WhaleTests.xctest; sourceTree = BUILT_PRODUCTS_DIR; };
		052ED9361E6E6F9A0078ABCF /* Info.plist */ = {isa = PBXFileReference; lastKnownFileType = text.plist.xml; path = Info.plist; sourceTree = "<group>"; };
		052ED93B1E6E6F9A0078ABCF /* WhaleUITests.xctest */ = {isa = PBXFileReference; explicitFileType = wrapper.cfbundle; includeInIndex = 0; path = WhaleUITests.xctest; sourceTree = BUILT_PRODUCTS_DIR; };
		052ED9411E6E6F9A0078ABCF /* Info.plist */ = {isa = PBXFileReference; lastKnownFileType = text.plist.xml; path = Info.plist; sourceTree = "<group>"; };
		054B5D211E70823700E7EE4D /* WhaleSynchronizer.swift */ = {isa = PBXFileReference; fileEncoding = 4; lastKnownFileType = sourcecode.swift; path = WhaleSynchronizer.swift; sourceTree = "<group>"; };
		054B5D241E7089EE00E7EE4D /* Moya+Extensions.swift */ = {isa = PBXFileReference; fileEncoding = 4; lastKnownFileType = sourcecode.swift; path = "Moya+Extensions.swift"; sourceTree = "<group>"; };
		055C01511E78502600EDE252 /* User.swift */ = {isa = PBXFileReference; fileEncoding = 4; lastKnownFileType = sourcecode.swift; path = User.swift; sourceTree = "<group>"; };
		055C01531E78503800EDE252 /* User+CoreDataProperties.swift */ = {isa = PBXFileReference; fileEncoding = 4; lastKnownFileType = sourcecode.swift; path = "User+CoreDataProperties.swift"; sourceTree = "<group>"; };
		05634E7B1E6F5B6E00116D47 /* ActivityViewController.swift */ = {isa = PBXFileReference; fileEncoding = 4; lastKnownFileType = sourcecode.swift; path = ActivityViewController.swift; sourceTree = "<group>"; };
		05634E7D1E6F5B6E00116D47 /* HomeViewController.swift */ = {isa = PBXFileReference; fileEncoding = 4; lastKnownFileType = sourcecode.swift; path = HomeViewController.swift; sourceTree = "<group>"; };
		05634E7F1E6F5B6E00116D47 /* ProfileViewController.swift */ = {isa = PBXFileReference; fileEncoding = 4; lastKnownFileType = sourcecode.swift; path = ProfileViewController.swift; sourceTree = "<group>"; };
		05634E811E6F5B6E00116D47 /* SearchViewController.swift */ = {isa = PBXFileReference; fileEncoding = 4; lastKnownFileType = sourcecode.swift; path = SearchViewController.swift; sourceTree = "<group>"; };
		05634E861E6F5CAE00116D47 /* Authentication.storyboard */ = {isa = PBXFileReference; fileEncoding = 4; lastKnownFileType = file.storyboard; path = Authentication.storyboard; sourceTree = "<group>"; };
		05634E8A1E6F87A600116D47 /* CoreDataStack.swift */ = {isa = PBXFileReference; fileEncoding = 4; lastKnownFileType = sourcecode.swift; path = CoreDataStack.swift; sourceTree = "<group>"; };
		05634E8D1E6F897700116D47 /* Answer.swift */ = {isa = PBXFileReference; fileEncoding = 4; lastKnownFileType = sourcecode.swift; path = Answer.swift; sourceTree = "<group>"; };
		05634E8F1E6F8B5500116D47 /* Question.swift */ = {isa = PBXFileReference; fileEncoding = 4; lastKnownFileType = sourcecode.swift; path = Question.swift; sourceTree = "<group>"; };
		05634E921E6F8F3300116D47 /* NSManagedObject+Extensions.swift */ = {isa = PBXFileReference; fileEncoding = 4; lastKnownFileType = sourcecode.swift; path = "NSManagedObject+Extensions.swift"; sourceTree = "<group>"; };
		05634E941E6F92AE00116D47 /* CoreDataClient.swift */ = {isa = PBXFileReference; fileEncoding = 4; lastKnownFileType = sourcecode.swift; path = CoreDataClient.swift; sourceTree = "<group>"; };
		0563DF941E763B5800184D5E /* ProfileSectionModel.swift */ = {isa = PBXFileReference; fileEncoding = 4; lastKnownFileType = sourcecode.swift; path = ProfileSectionModel.swift; sourceTree = "<group>"; };
		0563DF971E763FE500184D5E /* DesignableButton.swift */ = {isa = PBXFileReference; fileEncoding = 4; lastKnownFileType = sourcecode.swift; path = DesignableButton.swift; sourceTree = "<group>"; };
		0563DF991E76422600184D5E /* CircularImageView.swift */ = {isa = PBXFileReference; fileEncoding = 4; lastKnownFileType = sourcecode.swift; path = CircularImageView.swift; sourceTree = "<group>"; };
		0563DF9B1E76600B00184D5E /* VideoPlayerViewModel.swift */ = {isa = PBXFileReference; fileEncoding = 4; lastKnownFileType = sourcecode.swift; path = VideoPlayerViewModel.swift; sourceTree = "<group>"; };
		0563DF9E1E767A7400184D5E /* CommentViewController.swift */ = {isa = PBXFileReference; fileEncoding = 4; lastKnownFileType = sourcecode.swift; path = CommentViewController.swift; sourceTree = "<group>"; };
		0563DFA01E767BB300184D5E /* CommentCell.swift */ = {isa = PBXFileReference; fileEncoding = 4; lastKnownFileType = sourcecode.swift; path = CommentCell.swift; sourceTree = "<group>"; };
		0563DFA11E767BB300184D5E /* CommentCell.xib */ = {isa = PBXFileReference; fileEncoding = 4; lastKnownFileType = file.xib; path = CommentCell.xib; sourceTree = "<group>"; };
		0563DFA41E767F1500184D5E /* CommentViewModel.swift */ = {isa = PBXFileReference; fileEncoding = 4; lastKnownFileType = sourcecode.swift; path = CommentViewModel.swift; sourceTree = "<group>"; };
		0563DFA61E7680CE00184D5E /* CommentSectionModel.swift */ = {isa = PBXFileReference; fileEncoding = 4; lastKnownFileType = sourcecode.swift; path = CommentSectionModel.swift; sourceTree = "<group>"; };
		059EDD371E711C830042B621 /* PageData.swift */ = {isa = PBXFileReference; fileEncoding = 4; lastKnownFileType = sourcecode.swift; path = PageData.swift; sourceTree = "<group>"; };
		059EDD3A1E7130C00042B621 /* SectionedDataSource.swift */ = {isa = PBXFileReference; fileEncoding = 4; lastKnownFileType = sourcecode.swift; path = SectionedDataSource.swift; sourceTree = "<group>"; };
		059EDD3D1E7132BE0042B621 /* NibLoadable.swift */ = {isa = PBXFileReference; fileEncoding = 4; lastKnownFileType = sourcecode.swift; path = NibLoadable.swift; sourceTree = "<group>"; };
		059EDD3F1E7132DA0042B621 /* UICollectionView+Extensions.swift */ = {isa = PBXFileReference; fileEncoding = 4; lastKnownFileType = sourcecode.swift; path = "UICollectionView+Extensions.swift"; sourceTree = "<group>"; };
		05AB8956A2960E6ADFD4CFE1 /* Pods-Whale.debug.xcconfig */ = {isa = PBXFileReference; includeInIndex = 1; lastKnownFileType = text.xcconfig; name = "Pods-Whale.debug.xcconfig"; path = "Pods/Target Support Files/Pods-Whale/Pods-Whale.debug.xcconfig"; sourceTree = "<group>"; };
		05DF705E1E77EAB2006D2F7E /* HomeSectionModel.swift */ = {isa = PBXFileReference; fileEncoding = 4; lastKnownFileType = sourcecode.swift; path = HomeSectionModel.swift; sourceTree = "<group>"; };
		05F41A311E74720A002E838F /* UserProfileCell.swift */ = {isa = PBXFileReference; fileEncoding = 4; lastKnownFileType = sourcecode.swift; path = UserProfileCell.swift; sourceTree = "<group>"; };
		05F41A321E74720A002E838F /* UserProfileCell.xib */ = {isa = PBXFileReference; fileEncoding = 4; lastKnownFileType = file.xib; path = UserProfileCell.xib; sourceTree = "<group>"; };
		05F41A361E752F4F002E838F /* WhaleTabBarController.swift */ = {isa = PBXFileReference; fileEncoding = 4; lastKnownFileType = sourcecode.swift; path = WhaleTabBarController.swift; sourceTree = "<group>"; };
		05F41A381E7531C9002E838F /* TabBarViewModel.swift */ = {isa = PBXFileReference; fileEncoding = 4; lastKnownFileType = sourcecode.swift; path = TabBarViewModel.swift; sourceTree = "<group>"; };
		05F41A3A1E753574002E838F /* Storyboard.swift */ = {isa = PBXFileReference; fileEncoding = 4; lastKnownFileType = sourcecode.swift; path = Storyboard.swift; sourceTree = "<group>"; };
		05F41A3C1E75369F002E838F /* UIViewController+Extensions.swift */ = {isa = PBXFileReference; fileEncoding = 4; lastKnownFileType = sourcecode.swift; path = "UIViewController+Extensions.swift"; sourceTree = "<group>"; };
		05F41A3E1E754E29002E838F /* GenericHeaderCell.swift */ = {isa = PBXFileReference; fileEncoding = 4; lastKnownFileType = sourcecode.swift; path = GenericHeaderCell.swift; sourceTree = "<group>"; };
		05F41A3F1E754E29002E838F /* GenericHeaderCell.xib */ = {isa = PBXFileReference; fileEncoding = 4; lastKnownFileType = file.xib; path = GenericHeaderCell.xib; sourceTree = "<group>"; };
		05F41A421E75559C002E838F /* ProfileViewModel.swift */ = {isa = PBXFileReference; fileEncoding = 4; lastKnownFileType = sourcecode.swift; path = ProfileViewModel.swift; sourceTree = "<group>"; };
		05F41A441E762374002E838F /* UserProfileCellViewModel.swift */ = {isa = PBXFileReference; fileEncoding = 4; lastKnownFileType = sourcecode.swift; path = UserProfileCellViewModel.swift; sourceTree = "<group>"; };
		05FD750F1E6FED07005B3715 /* Answer+CoreDataProperties.swift */ = {isa = PBXFileReference; fileEncoding = 4; lastKnownFileType = sourcecode.swift; path = "Answer+CoreDataProperties.swift"; sourceTree = "<group>"; };
		05FD75111E6FEEA4005B3715 /* Question+CoreDataProperties.swift */ = {isa = PBXFileReference; fileEncoding = 4; lastKnownFileType = sourcecode.swift; path = "Question+CoreDataProperties.swift"; sourceTree = "<group>"; };
		0A099EF1F1F64FF0550E99A6 /* Pods_Whale.framework */ = {isa = PBXFileReference; explicitFileType = wrapper.framework; includeInIndex = 0; path = Pods_Whale.framework; sourceTree = BUILT_PRODUCTS_DIR; };
		0B022750060D7B58461DF113 /* Pods-WhaleTests.release.xcconfig */ = {isa = PBXFileReference; includeInIndex = 1; lastKnownFileType = text.xcconfig; name = "Pods-WhaleTests.release.xcconfig"; path = "Pods/Target Support Files/Pods-WhaleTests/Pods-WhaleTests.release.xcconfig"; sourceTree = "<group>"; };
		52E8DC4AC28B151038DA4C17 /* Pods-WhaleTests.debug.xcconfig */ = {isa = PBXFileReference; includeInIndex = 1; lastKnownFileType = text.xcconfig; name = "Pods-WhaleTests.debug.xcconfig"; path = "Pods/Target Support Files/Pods-WhaleTests/Pods-WhaleTests.debug.xcconfig"; sourceTree = "<group>"; };
		A2E515BE67A9DA459B05FB5C /* Pods_WhaleUITests.framework */ = {isa = PBXFileReference; explicitFileType = wrapper.framework; includeInIndex = 0; path = Pods_WhaleUITests.framework; sourceTree = BUILT_PRODUCTS_DIR; };
		B3D0E6CA38C2842BC5D61680 /* Pods-Whale.release.xcconfig */ = {isa = PBXFileReference; includeInIndex = 1; lastKnownFileType = text.xcconfig; name = "Pods-Whale.release.xcconfig"; path = "Pods/Target Support Files/Pods-Whale/Pods-Whale.release.xcconfig"; sourceTree = "<group>"; };
		D2FAE584ED896EB1DE72DBB8 /* Pods-WhaleUITests.debug.xcconfig */ = {isa = PBXFileReference; includeInIndex = 1; lastKnownFileType = text.xcconfig; name = "Pods-WhaleUITests.debug.xcconfig"; path = "Pods/Target Support Files/Pods-WhaleUITests/Pods-WhaleUITests.debug.xcconfig"; sourceTree = "<group>"; };
		F66C8A5FFD48505EC281639C /* Pods_WhaleTests.framework */ = {isa = PBXFileReference; explicitFileType = wrapper.framework; includeInIndex = 0; path = Pods_WhaleTests.framework; sourceTree = BUILT_PRODUCTS_DIR; };
		FFE6BFB1C6A0970F90407DC7 /* Pods-WhaleUITests.release.xcconfig */ = {isa = PBXFileReference; includeInIndex = 1; lastKnownFileType = text.xcconfig; name = "Pods-WhaleUITests.release.xcconfig"; path = "Pods/Target Support Files/Pods-WhaleUITests/Pods-WhaleUITests.release.xcconfig"; sourceTree = "<group>"; };
/* End PBXFileReference section */

/* Begin PBXFrameworksBuildPhase section */
		052ED9161E6E6F9A0078ABCF /* Frameworks */ = {
			isa = PBXFrameworksBuildPhase;
			buildActionMask = 2147483647;
			files = (
				9E6293790283056F58A49429 /* Pods_Whale.framework in Frameworks */,
			);
			runOnlyForDeploymentPostprocessing = 0;
		};
		052ED92D1E6E6F9A0078ABCF /* Frameworks */ = {
			isa = PBXFrameworksBuildPhase;
			buildActionMask = 2147483647;
			files = (
				4E33CA33CDDF701186237457 /* Pods_WhaleTests.framework in Frameworks */,
			);
			runOnlyForDeploymentPostprocessing = 0;
		};
		052ED9381E6E6F9A0078ABCF /* Frameworks */ = {
			isa = PBXFrameworksBuildPhase;
			buildActionMask = 2147483647;
			files = (
				DBBBB3F9655A95870E6A9165 /* Pods_WhaleUITests.framework in Frameworks */,
			);
			runOnlyForDeploymentPostprocessing = 0;
		};
/* End PBXFrameworksBuildPhase section */

/* Begin PBXGroup section */
		050A0D761E71E16200A5659F /* VideoPlayer */ = {
			isa = PBXGroup;
			children = (
				050A0D771E71E17400A5659F /* VideoPlayerViewController.swift */,
				050A0D821E71F80000A5659F /* VideoPlayerView.swift */,
				0563DF9B1E76600B00184D5E /* VideoPlayerViewModel.swift */,
			);
			path = VideoPlayer;
			sourceTree = "<group>";
		};
		050A0D7F1E71ED9D00A5659F /* Layout */ = {
			isa = PBXGroup;
			children = (
				050A0D801E71ED9D00A5659F /* ListLayout.swift */,
			);
			path = Layout;
			sourceTree = "<group>";
		};
		052BD1FF1E6E914C0037287A /* Networking */ = {
			isa = PBXGroup;
			children = (
				054B5D231E7089DE00E7EE4D /* Extensions */,
				054B5D201E7081F400E7EE4D /* Synchronization */,
				052BD2001E6E914C0037287A /* APIClients */,
				052BD2011E6E914C0037287A /* Models */,
			);
			path = Networking;
			sourceTree = "<group>";
		};
		052BD2001E6E914C0037287A /* APIClients */ = {
			isa = PBXGroup;
			children = (
				052BD2231E6EA7110037287A /* CoreApiClient.swift */,
				052BD2251E6EAB390037287A /* Networking.swift */,
			);
			path = APIClients;
			sourceTree = "<group>";
		};
		052BD2011E6E914C0037287A /* Models */ = {
			isa = PBXGroup;
			children = (
				052BD2021E6E91AB0037287A /* JSONUser.swift */,
				052BD2041E6E936D0037287A /* JSONAnswer.swift */,
				052BD2061E6E93740037287A /* JSONQuestion.swift */,
				052BD2081E6E93850037287A /* JSONComment.swift */,
				059EDD371E711C830042B621 /* PageData.swift */,
			);
			path = Models;
			sourceTree = "<group>";
		};
		052BD20A1E6E97500037287A /* UI */ = {
			isa = PBXGroup;
			children = (
				0563DF961E763FD600184D5E /* Designables */,
				050A0D7F1E71ED9D00A5659F /* Layout */,
				052BD20B1E6E97500037287A /* Cells */,
				052BD20C1E6E97500037287A /* Storyboards */,
				05634E791E6F5B1B00116D47 /* Scenes */,
			);
			path = UI;
			sourceTree = "<group>";
		};
		052BD20B1E6E97500037287A /* Cells */ = {
			isa = PBXGroup;
			children = (
				052BD20F1E6E97CE0037287A /* AnswerCell.swift */,
				052BD2101E6E97CE0037287A /* AnswerCell.xib */,
				05F41A311E74720A002E838F /* UserProfileCell.swift */,
				05F41A321E74720A002E838F /* UserProfileCell.xib */,
				05F41A3E1E754E29002E838F /* GenericHeaderCell.swift */,
				05F41A3F1E754E29002E838F /* GenericHeaderCell.xib */,
				0563DFA01E767BB300184D5E /* CommentCell.swift */,
				0563DFA11E767BB300184D5E /* CommentCell.xib */,
			);
			path = Cells;
			sourceTree = "<group>";
		};
		052BD20C1E6E97500037287A /* Storyboards */ = {
			isa = PBXGroup;
			children = (
				052BD2131E6E9B060037287A /* Home.storyboard */,
				052BD2151E6E9B170037287A /* Search.storyboard */,
				052BD2171E6E9B230037287A /* Activity.storyboard */,
				052BD2191E6E9B2E0037287A /* Profile.storyboard */,
				05634E861E6F5CAE00116D47 /* Authentication.storyboard */,
			);
			path = Storyboards;
			sourceTree = "<group>";
		};
		052ED9101E6E6F990078ABCF = {
			isa = PBXGroup;
			children = (
				052ED91B1E6E6F9A0078ABCF /* Whale */,
				052ED9331E6E6F9A0078ABCF /* WhaleTests */,
				052ED93E1E6E6F9A0078ABCF /* WhaleUITests */,
				052ED91A1E6E6F9A0078ABCF /* Products */,
				3B793E7E611F2C227B29AAD3 /* Pods */,
				444A4EFCB1A1B28BA024C886 /* Frameworks */,
			);
			sourceTree = "<group>";
		};
		052ED91A1E6E6F9A0078ABCF /* Products */ = {
			isa = PBXGroup;
			children = (
				052ED9191E6E6F9A0078ABCF /* Whale.app */,
				052ED9301E6E6F9A0078ABCF /* WhaleTests.xctest */,
				052ED93B1E6E6F9A0078ABCF /* WhaleUITests.xctest */,
			);
			name = Products;
			sourceTree = "<group>";
		};
		052ED91B1E6E6F9A0078ABCF /* Whale */ = {
			isa = PBXGroup;
			children = (
				059EDD3C1E7132A40042B621 /* Extensions */,
				059EDD391E7130B50042B621 /* DataSource */,
				05634E881E6F867600116D47 /* Persistence */,
				052BD20A1E6E97500037287A /* UI */,
				052BD1FF1E6E914C0037287A /* Networking */,
				052ED91C1E6E6F9A0078ABCF /* AppDelegate.swift */,
				052ED9201E6E6F9A0078ABCF /* Main.storyboard */,
				052ED9261E6E6F9A0078ABCF /* Assets.xcassets */,
				052ED9281E6E6F9A0078ABCF /* LaunchScreen.storyboard */,
				052ED92B1E6E6F9A0078ABCF /* Info.plist */,
			);
			path = Whale;
			sourceTree = "<group>";
		};
		052ED9331E6E6F9A0078ABCF /* WhaleTests */ = {
			isa = PBXGroup;
			children = (
				052ED9361E6E6F9A0078ABCF /* Info.plist */,
			);
			path = WhaleTests;
			sourceTree = "<group>";
		};
		052ED93E1E6E6F9A0078ABCF /* WhaleUITests */ = {
			isa = PBXGroup;
			children = (
				052ED9411E6E6F9A0078ABCF /* Info.plist */,
			);
			path = WhaleUITests;
			sourceTree = "<group>";
		};
		054B5D201E7081F400E7EE4D /* Synchronization */ = {
			isa = PBXGroup;
			children = (
				054B5D211E70823700E7EE4D /* WhaleSynchronizer.swift */,
			);
			path = Synchronization;
			sourceTree = "<group>";
		};
		054B5D231E7089DE00E7EE4D /* Extensions */ = {
			isa = PBXGroup;
			children = (
				054B5D241E7089EE00E7EE4D /* Moya+Extensions.swift */,
			);
			path = Extensions;
			sourceTree = "<group>";
		};
		05634E791E6F5B1B00116D47 /* Scenes */ = {
			isa = PBXGroup;
			children = (
				0563DF9D1E767A6000184D5E /* Comment */,
				05F41A351E752F36002E838F /* TabBar */,
				050A0D761E71E16200A5659F /* VideoPlayer */,
				05634E7A1E6F5B6E00116D47 /* Activity */,
				05634E7C1E6F5B6E00116D47 /* Home */,
				05634E7E1E6F5B6E00116D47 /* Profile */,
				05634E801E6F5B6E00116D47 /* Search */,
			);
			path = Scenes;
			sourceTree = "<group>";
		};
		05634E7A1E6F5B6E00116D47 /* Activity */ = {
			isa = PBXGroup;
			children = (
				05634E7B1E6F5B6E00116D47 /* ActivityViewController.swift */,
			);
			path = Activity;
			sourceTree = "<group>";
		};
		05634E7C1E6F5B6E00116D47 /* Home */ = {
			isa = PBXGroup;
			children = (
				05634E7D1E6F5B6E00116D47 /* HomeViewController.swift */,
				050A0D701E71D08A00A5659F /* HomeViewModel.swift */,
				050A0D721E71D0B600A5659F /* HomeOperation.swift */,
				05DF705E1E77EAB2006D2F7E /* HomeSectionModel.swift */,
			);
			path = Home;
			sourceTree = "<group>";
		};
		05634E7E1E6F5B6E00116D47 /* Profile */ = {
			isa = PBXGroup;
			children = (
				05634E7F1E6F5B6E00116D47 /* ProfileViewController.swift */,
				05F41A421E75559C002E838F /* ProfileViewModel.swift */,
				05F41A441E762374002E838F /* UserProfileCellViewModel.swift */,
				0563DF941E763B5800184D5E /* ProfileSectionModel.swift */,
			);
			path = Profile;
			sourceTree = "<group>";
		};
		05634E801E6F5B6E00116D47 /* Search */ = {
			isa = PBXGroup;
			children = (
				05634E811E6F5B6E00116D47 /* SearchViewController.swift */,
			);
			path = Search;
			sourceTree = "<group>";
		};
		05634E881E6F867600116D47 /* Persistence */ = {
			isa = PBXGroup;
			children = (
				05634E891E6F867600116D47 /* CoreData */,
			);
			path = Persistence;
			sourceTree = "<group>";
		};
		05634E891E6F867600116D47 /* CoreData */ = {
			isa = PBXGroup;
			children = (
				052ED9231E6E6F9A0078ABCF /* Whale.xcdatamodeld */,
				05634E911E6F8F2200116D47 /* Extensions */,
				05634E8C1E6F893200116D47 /* Entities */,
				05634E8A1E6F87A600116D47 /* CoreDataStack.swift */,
				05634E941E6F92AE00116D47 /* CoreDataClient.swift */,
			);
			path = CoreData;
			sourceTree = "<group>";
		};
		05634E8C1E6F893200116D47 /* Entities */ = {
			isa = PBXGroup;
			children = (
				05634E8D1E6F897700116D47 /* Answer.swift */,
				05634E8F1E6F8B5500116D47 /* Question.swift */,
				05FD750F1E6FED07005B3715 /* Answer+CoreDataProperties.swift */,
				05FD75111E6FEEA4005B3715 /* Question+CoreDataProperties.swift */,
				055C01511E78502600EDE252 /* User.swift */,
				055C01531E78503800EDE252 /* User+CoreDataProperties.swift */,
			);
			path = Entities;
			sourceTree = "<group>";
		};
		05634E911E6F8F2200116D47 /* Extensions */ = {
			isa = PBXGroup;
			children = (
				05634E921E6F8F3300116D47 /* NSManagedObject+Extensions.swift */,
			);
			path = Extensions;
			sourceTree = "<group>";
		};
		0563DF961E763FD600184D5E /* Designables */ = {
			isa = PBXGroup;
			children = (
				0563DF971E763FE500184D5E /* DesignableButton.swift */,
				0563DF991E76422600184D5E /* CircularImageView.swift */,
			);
			path = Designables;
			sourceTree = "<group>";
		};
		0563DF9D1E767A6000184D5E /* Comment */ = {
			isa = PBXGroup;
			children = (
				0563DF9E1E767A7400184D5E /* CommentViewController.swift */,
				0563DFA41E767F1500184D5E /* CommentViewModel.swift */,
				0563DFA61E7680CE00184D5E /* CommentSectionModel.swift */,
			);
			path = Comment;
			sourceTree = "<group>";
		};
		059EDD391E7130B50042B621 /* DataSource */ = {
			isa = PBXGroup;
			children = (
				059EDD3A1E7130C00042B621 /* SectionedDataSource.swift */,
			);
			path = DataSource;
			sourceTree = "<group>";
		};
		059EDD3C1E7132A40042B621 /* Extensions */ = {
			isa = PBXGroup;
			children = (
				059EDD3D1E7132BE0042B621 /* NibLoadable.swift */,
				059EDD3F1E7132DA0042B621 /* UICollectionView+Extensions.swift */,
				050A0D6E1E7154EF00A5659F /* UIScrollView+Extension.swift */,
				050A0D741E71D0D100A5659F /* AsyncOperation.swift */,
				05F41A3A1E753574002E838F /* Storyboard.swift */,
				05F41A3C1E75369F002E838F /* UIViewController+Extensions.swift */,
			);
			path = Extensions;
			sourceTree = "<group>";
		};
		05F41A351E752F36002E838F /* TabBar */ = {
			isa = PBXGroup;
			children = (
				05F41A361E752F4F002E838F /* WhaleTabBarController.swift */,
				05F41A381E7531C9002E838F /* TabBarViewModel.swift */,
			);
			name = TabBar;
			path = Tabbar;
			sourceTree = "<group>";
		};
		3B793E7E611F2C227B29AAD3 /* Pods */ = {
			isa = PBXGroup;
			children = (
				05AB8956A2960E6ADFD4CFE1 /* Pods-Whale.debug.xcconfig */,
				B3D0E6CA38C2842BC5D61680 /* Pods-Whale.release.xcconfig */,
				52E8DC4AC28B151038DA4C17 /* Pods-WhaleTests.debug.xcconfig */,
				0B022750060D7B58461DF113 /* Pods-WhaleTests.release.xcconfig */,
				D2FAE584ED896EB1DE72DBB8 /* Pods-WhaleUITests.debug.xcconfig */,
				FFE6BFB1C6A0970F90407DC7 /* Pods-WhaleUITests.release.xcconfig */,
			);
			name = Pods;
			sourceTree = "<group>";
		};
		444A4EFCB1A1B28BA024C886 /* Frameworks */ = {
			isa = PBXGroup;
			children = (
				0A099EF1F1F64FF0550E99A6 /* Pods_Whale.framework */,
				F66C8A5FFD48505EC281639C /* Pods_WhaleTests.framework */,
				A2E515BE67A9DA459B05FB5C /* Pods_WhaleUITests.framework */,
			);
			name = Frameworks;
			sourceTree = "<group>";
		};
/* End PBXGroup section */

/* Begin PBXNativeTarget section */
		052ED9181E6E6F9A0078ABCF /* Whale */ = {
			isa = PBXNativeTarget;
			buildConfigurationList = 052ED9441E6E6F9A0078ABCF /* Build configuration list for PBXNativeTarget "Whale" */;
			buildPhases = (
				110AC93E74B9E98B8DEC7A40 /* [CP] Check Pods Manifest.lock */,
				052ED9151E6E6F9A0078ABCF /* Sources */,
				052ED9161E6E6F9A0078ABCF /* Frameworks */,
				052ED9171E6E6F9A0078ABCF /* Resources */,
				FA43908ACAF76AE86CDF57F7 /* [CP] Embed Pods Frameworks */,
				AE854569F57FD6F3339EBFE2 /* [CP] Copy Pods Resources */,
			);
			buildRules = (
			);
			dependencies = (
			);
			name = Whale;
			productName = Whale;
			productReference = 052ED9191E6E6F9A0078ABCF /* Whale.app */;
			productType = "com.apple.product-type.application";
		};
		052ED92F1E6E6F9A0078ABCF /* WhaleTests */ = {
			isa = PBXNativeTarget;
			buildConfigurationList = 052ED9471E6E6F9A0078ABCF /* Build configuration list for PBXNativeTarget "WhaleTests" */;
			buildPhases = (
				E8A00AF922797D2DEF4F55D9 /* [CP] Check Pods Manifest.lock */,
				052ED92C1E6E6F9A0078ABCF /* Sources */,
				052ED92D1E6E6F9A0078ABCF /* Frameworks */,
				052ED92E1E6E6F9A0078ABCF /* Resources */,
				EF2BC5B7B3F61040BA34B5BB /* [CP] Embed Pods Frameworks */,
				9D08219AC13144CCD41CFBF3 /* [CP] Copy Pods Resources */,
			);
			buildRules = (
			);
			dependencies = (
				052ED9321E6E6F9A0078ABCF /* PBXTargetDependency */,
			);
			name = WhaleTests;
			productName = WhaleTests;
			productReference = 052ED9301E6E6F9A0078ABCF /* WhaleTests.xctest */;
			productType = "com.apple.product-type.bundle.unit-test";
		};
		052ED93A1E6E6F9A0078ABCF /* WhaleUITests */ = {
			isa = PBXNativeTarget;
			buildConfigurationList = 052ED94A1E6E6F9A0078ABCF /* Build configuration list for PBXNativeTarget "WhaleUITests" */;
			buildPhases = (
				985C61EFDD9D074C36F85A40 /* [CP] Check Pods Manifest.lock */,
				052ED9371E6E6F9A0078ABCF /* Sources */,
				052ED9381E6E6F9A0078ABCF /* Frameworks */,
				052ED9391E6E6F9A0078ABCF /* Resources */,
				2760DC78AF383CD4B11050D1 /* [CP] Embed Pods Frameworks */,
				4884EC02023F69ADADCF1C8F /* [CP] Copy Pods Resources */,
			);
			buildRules = (
			);
			dependencies = (
				052ED93D1E6E6F9A0078ABCF /* PBXTargetDependency */,
			);
			name = WhaleUITests;
			productName = WhaleUITests;
			productReference = 052ED93B1E6E6F9A0078ABCF /* WhaleUITests.xctest */;
			productType = "com.apple.product-type.bundle.ui-testing";
		};
/* End PBXNativeTarget section */

/* Begin PBXProject section */
		052ED9111E6E6F990078ABCF /* Project object */ = {
			isa = PBXProject;
			attributes = {
				LastSwiftUpdateCheck = 0820;
				LastUpgradeCheck = 0820;
				ORGANIZATIONNAME = "Eliel A. Gordon";
				TargetAttributes = {
					052ED9181E6E6F9A0078ABCF = {
						CreatedOnToolsVersion = 8.2.1;
						DevelopmentTeam = 7KJQYUXKM6;
						ProvisioningStyle = Automatic;
					};
					052ED92F1E6E6F9A0078ABCF = {
						CreatedOnToolsVersion = 8.2.1;
						DevelopmentTeam = F7AL96RPTB;
						ProvisioningStyle = Automatic;
						TestTargetID = 052ED9181E6E6F9A0078ABCF;
					};
					052ED93A1E6E6F9A0078ABCF = {
						CreatedOnToolsVersion = 8.2.1;
						DevelopmentTeam = F7AL96RPTB;
						ProvisioningStyle = Automatic;
						TestTargetID = 052ED9181E6E6F9A0078ABCF;
					};
				};
			};
			buildConfigurationList = 052ED9141E6E6F990078ABCF /* Build configuration list for PBXProject "Whale" */;
			compatibilityVersion = "Xcode 3.2";
			developmentRegion = English;
			hasScannedForEncodings = 0;
			knownRegions = (
				en,
				Base,
			);
			mainGroup = 052ED9101E6E6F990078ABCF;
			productRefGroup = 052ED91A1E6E6F9A0078ABCF /* Products */;
			projectDirPath = "";
			projectRoot = "";
			targets = (
				052ED9181E6E6F9A0078ABCF /* Whale */,
				052ED92F1E6E6F9A0078ABCF /* WhaleTests */,
				052ED93A1E6E6F9A0078ABCF /* WhaleUITests */,
			);
		};
/* End PBXProject section */

/* Begin PBXResourcesBuildPhase section */
		052ED9171E6E6F9A0078ABCF /* Resources */ = {
			isa = PBXResourcesBuildPhase;
			buildActionMask = 2147483647;
			files = (
				052ED92A1E6E6F9A0078ABCF /* LaunchScreen.storyboard in Resources */,
				052BD2141E6E9B060037287A /* Home.storyboard in Resources */,
				05F41A341E74720A002E838F /* UserProfileCell.xib in Resources */,
				0563DFA31E767BB300184D5E /* CommentCell.xib in Resources */,
				052BD21A1E6E9B2E0037287A /* Profile.storyboard in Resources */,
				05F41A411E754E29002E838F /* GenericHeaderCell.xib in Resources */,
				052ED9271E6E6F9A0078ABCF /* Assets.xcassets in Resources */,
				052ED9221E6E6F9A0078ABCF /* Main.storyboard in Resources */,
				052BD2181E6E9B230037287A /* Activity.storyboard in Resources */,
				05634E871E6F5CAE00116D47 /* Authentication.storyboard in Resources */,
				052BD2161E6E9B170037287A /* Search.storyboard in Resources */,
				052BD2121E6E97CE0037287A /* AnswerCell.xib in Resources */,
			);
			runOnlyForDeploymentPostprocessing = 0;
		};
		052ED92E1E6E6F9A0078ABCF /* Resources */ = {
			isa = PBXResourcesBuildPhase;
			buildActionMask = 2147483647;
			files = (
			);
			runOnlyForDeploymentPostprocessing = 0;
		};
		052ED9391E6E6F9A0078ABCF /* Resources */ = {
			isa = PBXResourcesBuildPhase;
			buildActionMask = 2147483647;
			files = (
			);
			runOnlyForDeploymentPostprocessing = 0;
		};
/* End PBXResourcesBuildPhase section */

/* Begin PBXShellScriptBuildPhase section */
		110AC93E74B9E98B8DEC7A40 /* [CP] Check Pods Manifest.lock */ = {
			isa = PBXShellScriptBuildPhase;
			buildActionMask = 2147483647;
			files = (
			);
			inputPaths = (
			);
			name = "[CP] Check Pods Manifest.lock";
			outputPaths = (
			);
			runOnlyForDeploymentPostprocessing = 0;
			shellPath = /bin/sh;
			shellScript = "diff \"${PODS_ROOT}/../Podfile.lock\" \"${PODS_ROOT}/Manifest.lock\" > /dev/null\nif [ $? != 0 ] ; then\n    # print error to STDERR\n    echo \"error: The sandbox is not in sync with the Podfile.lock. Run 'pod install' or update your CocoaPods installation.\" >&2\n    exit 1\nfi\n";
			showEnvVarsInLog = 0;
		};
		2760DC78AF383CD4B11050D1 /* [CP] Embed Pods Frameworks */ = {
			isa = PBXShellScriptBuildPhase;
			buildActionMask = 2147483647;
			files = (
			);
			inputPaths = (
			);
			name = "[CP] Embed Pods Frameworks";
			outputPaths = (
			);
			runOnlyForDeploymentPostprocessing = 0;
			shellPath = /bin/sh;
			shellScript = "\"${SRCROOT}/Pods/Target Support Files/Pods-WhaleUITests/Pods-WhaleUITests-frameworks.sh\"\n";
			showEnvVarsInLog = 0;
		};
		4884EC02023F69ADADCF1C8F /* [CP] Copy Pods Resources */ = {
			isa = PBXShellScriptBuildPhase;
			buildActionMask = 2147483647;
			files = (
			);
			inputPaths = (
			);
			name = "[CP] Copy Pods Resources";
			outputPaths = (
			);
			runOnlyForDeploymentPostprocessing = 0;
			shellPath = /bin/sh;
			shellScript = "\"${SRCROOT}/Pods/Target Support Files/Pods-WhaleUITests/Pods-WhaleUITests-resources.sh\"\n";
			showEnvVarsInLog = 0;
		};
		985C61EFDD9D074C36F85A40 /* [CP] Check Pods Manifest.lock */ = {
			isa = PBXShellScriptBuildPhase;
			buildActionMask = 2147483647;
			files = (
			);
			inputPaths = (
			);
			name = "[CP] Check Pods Manifest.lock";
			outputPaths = (
			);
			runOnlyForDeploymentPostprocessing = 0;
			shellPath = /bin/sh;
			shellScript = "diff \"${PODS_ROOT}/../Podfile.lock\" \"${PODS_ROOT}/Manifest.lock\" > /dev/null\nif [ $? != 0 ] ; then\n    # print error to STDERR\n    echo \"error: The sandbox is not in sync with the Podfile.lock. Run 'pod install' or update your CocoaPods installation.\" >&2\n    exit 1\nfi\n";
			showEnvVarsInLog = 0;
		};
		9D08219AC13144CCD41CFBF3 /* [CP] Copy Pods Resources */ = {
			isa = PBXShellScriptBuildPhase;
			buildActionMask = 2147483647;
			files = (
			);
			inputPaths = (
			);
			name = "[CP] Copy Pods Resources";
			outputPaths = (
			);
			runOnlyForDeploymentPostprocessing = 0;
			shellPath = /bin/sh;
			shellScript = "\"${SRCROOT}/Pods/Target Support Files/Pods-WhaleTests/Pods-WhaleTests-resources.sh\"\n";
			showEnvVarsInLog = 0;
		};
		AE854569F57FD6F3339EBFE2 /* [CP] Copy Pods Resources */ = {
			isa = PBXShellScriptBuildPhase;
			buildActionMask = 2147483647;
			files = (
			);
			inputPaths = (
			);
			name = "[CP] Copy Pods Resources";
			outputPaths = (
			);
			runOnlyForDeploymentPostprocessing = 0;
			shellPath = /bin/sh;
			shellScript = "\"${SRCROOT}/Pods/Target Support Files/Pods-Whale/Pods-Whale-resources.sh\"\n";
			showEnvVarsInLog = 0;
		};
		E8A00AF922797D2DEF4F55D9 /* [CP] Check Pods Manifest.lock */ = {
			isa = PBXShellScriptBuildPhase;
			buildActionMask = 2147483647;
			files = (
			);
			inputPaths = (
			);
			name = "[CP] Check Pods Manifest.lock";
			outputPaths = (
			);
			runOnlyForDeploymentPostprocessing = 0;
			shellPath = /bin/sh;
			shellScript = "diff \"${PODS_ROOT}/../Podfile.lock\" \"${PODS_ROOT}/Manifest.lock\" > /dev/null\nif [ $? != 0 ] ; then\n    # print error to STDERR\n    echo \"error: The sandbox is not in sync with the Podfile.lock. Run 'pod install' or update your CocoaPods installation.\" >&2\n    exit 1\nfi\n";
			showEnvVarsInLog = 0;
		};
		EF2BC5B7B3F61040BA34B5BB /* [CP] Embed Pods Frameworks */ = {
			isa = PBXShellScriptBuildPhase;
			buildActionMask = 2147483647;
			files = (
			);
			inputPaths = (
			);
			name = "[CP] Embed Pods Frameworks";
			outputPaths = (
			);
			runOnlyForDeploymentPostprocessing = 0;
			shellPath = /bin/sh;
			shellScript = "\"${SRCROOT}/Pods/Target Support Files/Pods-WhaleTests/Pods-WhaleTests-frameworks.sh\"\n";
			showEnvVarsInLog = 0;
		};
		FA43908ACAF76AE86CDF57F7 /* [CP] Embed Pods Frameworks */ = {
			isa = PBXShellScriptBuildPhase;
			buildActionMask = 2147483647;
			files = (
			);
			inputPaths = (
			);
			name = "[CP] Embed Pods Frameworks";
			outputPaths = (
			);
			runOnlyForDeploymentPostprocessing = 0;
			shellPath = /bin/sh;
			shellScript = "\"${SRCROOT}/Pods/Target Support Files/Pods-Whale/Pods-Whale-frameworks.sh\"\n";
			showEnvVarsInLog = 0;
		};
/* End PBXShellScriptBuildPhase section */

/* Begin PBXSourcesBuildPhase section */
		052ED9151E6E6F9A0078ABCF /* Sources */ = {
			isa = PBXSourcesBuildPhase;
			buildActionMask = 2147483647;
			files = (
				0563DFA51E767F1500184D5E /* CommentViewModel.swift in Sources */,
				0563DF9C1E76600B00184D5E /* VideoPlayerViewModel.swift in Sources */,
				052BD2241E6EA7110037287A /* CoreApiClient.swift in Sources */,
				05634E901E6F8B5500116D47 /* Question.swift in Sources */,
				05FD75101E6FED07005B3715 /* Answer+CoreDataProperties.swift in Sources */,
				052BD2031E6E91AB0037287A /* JSONUser.swift in Sources */,
				052BD2051E6E936D0037287A /* JSONAnswer.swift in Sources */,
				0563DF9A1E76422600184D5E /* CircularImageView.swift in Sources */,
				050A0D811E71ED9D00A5659F /* ListLayout.swift in Sources */,
				05F41A3D1E75369F002E838F /* UIViewController+Extensions.swift in Sources */,
				055C01541E78503800EDE252 /* User+CoreDataProperties.swift in Sources */,
				059EDD3B1E7130C00042B621 /* SectionedDataSource.swift in Sources */,
				054B5D221E70823700E7EE4D /* WhaleSynchronizer.swift in Sources */,
				05634E851E6F5B6E00116D47 /* SearchViewController.swift in Sources */,
				05F41A371E752F4F002E838F /* WhaleTabBarController.swift in Sources */,
				05DF705F1E77EAB2006D2F7E /* HomeSectionModel.swift in Sources */,
				052BD2261E6EAB390037287A /* Networking.swift in Sources */,
				052BD2091E6E93850037287A /* JSONComment.swift in Sources */,
				059EDD401E7132DA0042B621 /* UICollectionView+Extensions.swift in Sources */,
				05F41A431E75559C002E838F /* ProfileViewModel.swift in Sources */,
				050A0D711E71D08A00A5659F /* HomeViewModel.swift in Sources */,
				050A0D731E71D0B600A5659F /* HomeOperation.swift in Sources */,
				050A0D831E71F80000A5659F /* VideoPlayerView.swift in Sources */,
				0563DF981E763FE500184D5E /* DesignableButton.swift in Sources */,
				05634E951E6F92AE00116D47 /* CoreDataClient.swift in Sources */,
				0563DF9F1E767A7400184D5E /* CommentViewController.swift in Sources */,
				05F41A331E74720A002E838F /* UserProfileCell.swift in Sources */,
				05F41A3B1E753574002E838F /* Storyboard.swift in Sources */,
				05634E831E6F5B6E00116D47 /* HomeViewController.swift in Sources */,
				05634E8B1E6F87A600116D47 /* CoreDataStack.swift in Sources */,
				05634E931E6F8F3300116D47 /* NSManagedObject+Extensions.swift in Sources */,
				05634E841E6F5B6E00116D47 /* ProfileViewController.swift in Sources */,
				0563DF951E763B5800184D5E /* ProfileSectionModel.swift in Sources */,
				05FD75121E6FEEA4005B3715 /* Question+CoreDataProperties.swift in Sources */,
				052BD2071E6E93740037287A /* JSONQuestion.swift in Sources */,
				052BD2111E6E97CE0037287A /* AnswerCell.swift in Sources */,
				0563DFA21E767BB300184D5E /* CommentCell.swift in Sources */,
				059EDD3E1E7132BE0042B621 /* NibLoadable.swift in Sources */,
				05F41A401E754E29002E838F /* GenericHeaderCell.swift in Sources */,
				05F41A451E762374002E838F /* UserProfileCellViewModel.swift in Sources */,
				054B5D251E7089EE00E7EE4D /* Moya+Extensions.swift in Sources */,
				050A0D781E71E17400A5659F /* VideoPlayerViewController.swift in Sources */,
				055C01521E78502600EDE252 /* User.swift in Sources */,
				05F41A391E7531C9002E838F /* TabBarViewModel.swift in Sources */,
				052ED91D1E6E6F9A0078ABCF /* AppDelegate.swift in Sources */,
				050A0D6F1E7154EF00A5659F /* UIScrollView+Extension.swift in Sources */,
				05634E8E1E6F897700116D47 /* Answer.swift in Sources */,
				05634E821E6F5B6E00116D47 /* ActivityViewController.swift in Sources */,
				0563DFA71E7680CE00184D5E /* CommentSectionModel.swift in Sources */,
				059EDD381E711C830042B621 /* PageData.swift in Sources */,
				050A0D751E71D0D100A5659F /* AsyncOperation.swift in Sources */,
				052ED9251E6E6F9A0078ABCF /* Whale.xcdatamodeld in Sources */,
			);
			runOnlyForDeploymentPostprocessing = 0;
		};
		052ED92C1E6E6F9A0078ABCF /* Sources */ = {
			isa = PBXSourcesBuildPhase;
			buildActionMask = 2147483647;
			files = (
			);
			runOnlyForDeploymentPostprocessing = 0;
		};
		052ED9371E6E6F9A0078ABCF /* Sources */ = {
			isa = PBXSourcesBuildPhase;
			buildActionMask = 2147483647;
			files = (
			);
			runOnlyForDeploymentPostprocessing = 0;
		};
/* End PBXSourcesBuildPhase section */

/* Begin PBXTargetDependency section */
		052ED9321E6E6F9A0078ABCF /* PBXTargetDependency */ = {
			isa = PBXTargetDependency;
			target = 052ED9181E6E6F9A0078ABCF /* Whale */;
			targetProxy = 052ED9311E6E6F9A0078ABCF /* PBXContainerItemProxy */;
		};
		052ED93D1E6E6F9A0078ABCF /* PBXTargetDependency */ = {
			isa = PBXTargetDependency;
			target = 052ED9181E6E6F9A0078ABCF /* Whale */;
			targetProxy = 052ED93C1E6E6F9A0078ABCF /* PBXContainerItemProxy */;
		};
/* End PBXTargetDependency section */

/* Begin PBXVariantGroup section */
		052ED9201E6E6F9A0078ABCF /* Main.storyboard */ = {
			isa = PBXVariantGroup;
			children = (
				052ED9211E6E6F9A0078ABCF /* Base */,
			);
			name = Main.storyboard;
			sourceTree = "<group>";
		};
		052ED9281E6E6F9A0078ABCF /* LaunchScreen.storyboard */ = {
			isa = PBXVariantGroup;
			children = (
				052ED9291E6E6F9A0078ABCF /* Base */,
			);
			name = LaunchScreen.storyboard;
			sourceTree = "<group>";
		};
/* End PBXVariantGroup section */

/* Begin XCBuildConfiguration section */
		052ED9421E6E6F9A0078ABCF /* Debug */ = {
			isa = XCBuildConfiguration;
			buildSettings = {
				ALWAYS_SEARCH_USER_PATHS = NO;
				CLANG_ANALYZER_NONNULL = YES;
				CLANG_CXX_LANGUAGE_STANDARD = "gnu++0x";
				CLANG_CXX_LIBRARY = "libc++";
				CLANG_ENABLE_MODULES = YES;
				CLANG_ENABLE_OBJC_ARC = YES;
				CLANG_WARN_BOOL_CONVERSION = YES;
				CLANG_WARN_CONSTANT_CONVERSION = YES;
				CLANG_WARN_DIRECT_OBJC_ISA_USAGE = YES_ERROR;
				CLANG_WARN_DOCUMENTATION_COMMENTS = YES;
				CLANG_WARN_EMPTY_BODY = YES;
				CLANG_WARN_ENUM_CONVERSION = YES;
				CLANG_WARN_INFINITE_RECURSION = YES;
				CLANG_WARN_INT_CONVERSION = YES;
				CLANG_WARN_OBJC_ROOT_CLASS = YES_ERROR;
				CLANG_WARN_SUSPICIOUS_MOVE = YES;
				CLANG_WARN_UNREACHABLE_CODE = YES;
				CLANG_WARN__DUPLICATE_METHOD_MATCH = YES;
				"CODE_SIGN_IDENTITY[sdk=iphoneos*]" = "iPhone Developer";
				COPY_PHASE_STRIP = NO;
				DEBUG_INFORMATION_FORMAT = dwarf;
				ENABLE_STRICT_OBJC_MSGSEND = YES;
				ENABLE_TESTABILITY = YES;
				GCC_C_LANGUAGE_STANDARD = gnu99;
				GCC_DYNAMIC_NO_PIC = NO;
				GCC_NO_COMMON_BLOCKS = YES;
				GCC_OPTIMIZATION_LEVEL = 0;
				GCC_PREPROCESSOR_DEFINITIONS = (
					"DEBUG=1",
					"$(inherited)",
				);
				GCC_WARN_64_TO_32_BIT_CONVERSION = YES;
				GCC_WARN_ABOUT_RETURN_TYPE = YES_ERROR;
				GCC_WARN_UNDECLARED_SELECTOR = YES;
				GCC_WARN_UNINITIALIZED_AUTOS = YES_AGGRESSIVE;
				GCC_WARN_UNUSED_FUNCTION = YES;
				GCC_WARN_UNUSED_VARIABLE = YES;
				IPHONEOS_DEPLOYMENT_TARGET = 10.2;
				MTL_ENABLE_DEBUG_INFO = YES;
				ONLY_ACTIVE_ARCH = YES;
				SDKROOT = iphoneos;
				SWIFT_ACTIVE_COMPILATION_CONDITIONS = DEBUG;
				SWIFT_OPTIMIZATION_LEVEL = "-Onone";
				TARGETED_DEVICE_FAMILY = "1,2";
			};
			name = Debug;
		};
		052ED9431E6E6F9A0078ABCF /* Release */ = {
			isa = XCBuildConfiguration;
			buildSettings = {
				ALWAYS_SEARCH_USER_PATHS = NO;
				CLANG_ANALYZER_NONNULL = YES;
				CLANG_CXX_LANGUAGE_STANDARD = "gnu++0x";
				CLANG_CXX_LIBRARY = "libc++";
				CLANG_ENABLE_MODULES = YES;
				CLANG_ENABLE_OBJC_ARC = YES;
				CLANG_WARN_BOOL_CONVERSION = YES;
				CLANG_WARN_CONSTANT_CONVERSION = YES;
				CLANG_WARN_DIRECT_OBJC_ISA_USAGE = YES_ERROR;
				CLANG_WARN_DOCUMENTATION_COMMENTS = YES;
				CLANG_WARN_EMPTY_BODY = YES;
				CLANG_WARN_ENUM_CONVERSION = YES;
				CLANG_WARN_INFINITE_RECURSION = YES;
				CLANG_WARN_INT_CONVERSION = YES;
				CLANG_WARN_OBJC_ROOT_CLASS = YES_ERROR;
				CLANG_WARN_SUSPICIOUS_MOVE = YES;
				CLANG_WARN_UNREACHABLE_CODE = YES;
				CLANG_WARN__DUPLICATE_METHOD_MATCH = YES;
				"CODE_SIGN_IDENTITY[sdk=iphoneos*]" = "iPhone Developer";
				COPY_PHASE_STRIP = NO;
				DEBUG_INFORMATION_FORMAT = "dwarf-with-dsym";
				ENABLE_NS_ASSERTIONS = NO;
				ENABLE_STRICT_OBJC_MSGSEND = YES;
				GCC_C_LANGUAGE_STANDARD = gnu99;
				GCC_NO_COMMON_BLOCKS = YES;
				GCC_WARN_64_TO_32_BIT_CONVERSION = YES;
				GCC_WARN_ABOUT_RETURN_TYPE = YES_ERROR;
				GCC_WARN_UNDECLARED_SELECTOR = YES;
				GCC_WARN_UNINITIALIZED_AUTOS = YES_AGGRESSIVE;
				GCC_WARN_UNUSED_FUNCTION = YES;
				GCC_WARN_UNUSED_VARIABLE = YES;
				IPHONEOS_DEPLOYMENT_TARGET = 10.2;
				MTL_ENABLE_DEBUG_INFO = NO;
				SDKROOT = iphoneos;
				SWIFT_OPTIMIZATION_LEVEL = "-Owholemodule";
				TARGETED_DEVICE_FAMILY = "1,2";
				VALIDATE_PRODUCT = YES;
			};
			name = Release;
		};
		052ED9451E6E6F9A0078ABCF /* Debug */ = {
			isa = XCBuildConfiguration;
			baseConfigurationReference = 05AB8956A2960E6ADFD4CFE1 /* Pods-Whale.debug.xcconfig */;
			buildSettings = {
				ASSETCATALOG_COMPILER_APPICON_NAME = AppIcon;
				DEVELOPMENT_TEAM = 7KJQYUXKM6;
				INFOPLIST_FILE = Whale/Info.plist;
				LD_RUNPATH_SEARCH_PATHS = "$(inherited) @executable_path/Frameworks";
				PRODUCT_BUNDLE_IDENTIFIER = com.gordoneliel.Whale;
				PRODUCT_NAME = "$(TARGET_NAME)";
				SWIFT_VERSION = 3.0;
			};
			name = Debug;
		};
		052ED9461E6E6F9A0078ABCF /* Release */ = {
			isa = XCBuildConfiguration;
			baseConfigurationReference = B3D0E6CA38C2842BC5D61680 /* Pods-Whale.release.xcconfig */;
			buildSettings = {
				ASSETCATALOG_COMPILER_APPICON_NAME = AppIcon;
				DEVELOPMENT_TEAM = 7KJQYUXKM6;
				INFOPLIST_FILE = Whale/Info.plist;
				LD_RUNPATH_SEARCH_PATHS = "$(inherited) @executable_path/Frameworks";
				PRODUCT_BUNDLE_IDENTIFIER = com.gordoneliel.Whale;
				PRODUCT_NAME = "$(TARGET_NAME)";
				SWIFT_VERSION = 3.0;
			};
			name = Release;
		};
		052ED9481E6E6F9A0078ABCF /* Debug */ = {
			isa = XCBuildConfiguration;
			baseConfigurationReference = 52E8DC4AC28B151038DA4C17 /* Pods-WhaleTests.debug.xcconfig */;
			buildSettings = {
				ALWAYS_EMBED_SWIFT_STANDARD_LIBRARIES = YES;
				BUNDLE_LOADER = "$(TEST_HOST)";
				DEVELOPMENT_TEAM = F7AL96RPTB;
				INFOPLIST_FILE = WhaleTests/Info.plist;
				LD_RUNPATH_SEARCH_PATHS = "$(inherited) @executable_path/Frameworks @loader_path/Frameworks";
				PRODUCT_BUNDLE_IDENTIFIER = com.gordoneliel.WhaleTests;
				PRODUCT_NAME = "$(TARGET_NAME)";
				SWIFT_VERSION = 3.0;
				TEST_HOST = "$(BUILT_PRODUCTS_DIR)/Whale.app/Whale";
			};
			name = Debug;
		};
		052ED9491E6E6F9A0078ABCF /* Release */ = {
			isa = XCBuildConfiguration;
			baseConfigurationReference = 0B022750060D7B58461DF113 /* Pods-WhaleTests.release.xcconfig */;
			buildSettings = {
				ALWAYS_EMBED_SWIFT_STANDARD_LIBRARIES = YES;
				BUNDLE_LOADER = "$(TEST_HOST)";
				DEVELOPMENT_TEAM = F7AL96RPTB;
				INFOPLIST_FILE = WhaleTests/Info.plist;
				LD_RUNPATH_SEARCH_PATHS = "$(inherited) @executable_path/Frameworks @loader_path/Frameworks";
				PRODUCT_BUNDLE_IDENTIFIER = com.gordoneliel.WhaleTests;
				PRODUCT_NAME = "$(TARGET_NAME)";
				SWIFT_VERSION = 3.0;
				TEST_HOST = "$(BUILT_PRODUCTS_DIR)/Whale.app/Whale";
			};
			name = Release;
		};
		052ED94B1E6E6F9A0078ABCF /* Debug */ = {
			isa = XCBuildConfiguration;
			baseConfigurationReference = D2FAE584ED896EB1DE72DBB8 /* Pods-WhaleUITests.debug.xcconfig */;
			buildSettings = {
				ALWAYS_EMBED_SWIFT_STANDARD_LIBRARIES = YES;
				DEVELOPMENT_TEAM = F7AL96RPTB;
				INFOPLIST_FILE = WhaleUITests/Info.plist;
				LD_RUNPATH_SEARCH_PATHS = "$(inherited) @executable_path/Frameworks @loader_path/Frameworks";
				PRODUCT_BUNDLE_IDENTIFIER = com.gordoneliel.WhaleUITests;
				PRODUCT_NAME = "$(TARGET_NAME)";
				SWIFT_VERSION = 3.0;
				TEST_TARGET_NAME = Whale;
			};
			name = Debug;
		};
		052ED94C1E6E6F9A0078ABCF /* Release */ = {
			isa = XCBuildConfiguration;
			baseConfigurationReference = FFE6BFB1C6A0970F90407DC7 /* Pods-WhaleUITests.release.xcconfig */;
			buildSettings = {
				ALWAYS_EMBED_SWIFT_STANDARD_LIBRARIES = YES;
				DEVELOPMENT_TEAM = F7AL96RPTB;
				INFOPLIST_FILE = WhaleUITests/Info.plist;
				LD_RUNPATH_SEARCH_PATHS = "$(inherited) @executable_path/Frameworks @loader_path/Frameworks";
				PRODUCT_BUNDLE_IDENTIFIER = com.gordoneliel.WhaleUITests;
				PRODUCT_NAME = "$(TARGET_NAME)";
				SWIFT_VERSION = 3.0;
				TEST_TARGET_NAME = Whale;
			};
			name = Release;
		};
/* End XCBuildConfiguration section */

/* Begin XCConfigurationList section */
		052ED9141E6E6F990078ABCF /* Build configuration list for PBXProject "Whale" */ = {
			isa = XCConfigurationList;
			buildConfigurations = (
				052ED9421E6E6F9A0078ABCF /* Debug */,
				052ED9431E6E6F9A0078ABCF /* Release */,
			);
			defaultConfigurationIsVisible = 0;
			defaultConfigurationName = Release;
		};
		052ED9441E6E6F9A0078ABCF /* Build configuration list for PBXNativeTarget "Whale" */ = {
			isa = XCConfigurationList;
			buildConfigurations = (
				052ED9451E6E6F9A0078ABCF /* Debug */,
				052ED9461E6E6F9A0078ABCF /* Release */,
			);
			defaultConfigurationIsVisible = 0;
			defaultConfigurationName = Release;
		};
		052ED9471E6E6F9A0078ABCF /* Build configuration list for PBXNativeTarget "WhaleTests" */ = {
			isa = XCConfigurationList;
			buildConfigurations = (
				052ED9481E6E6F9A0078ABCF /* Debug */,
				052ED9491E6E6F9A0078ABCF /* Release */,
			);
			defaultConfigurationIsVisible = 0;
			defaultConfigurationName = Release;
		};
		052ED94A1E6E6F9A0078ABCF /* Build configuration list for PBXNativeTarget "WhaleUITests" */ = {
			isa = XCConfigurationList;
			buildConfigurations = (
				052ED94B1E6E6F9A0078ABCF /* Debug */,
				052ED94C1E6E6F9A0078ABCF /* Release */,
			);
			defaultConfigurationIsVisible = 0;
			defaultConfigurationName = Release;
		};
/* End XCConfigurationList section */

/* Begin XCVersionGroup section */
		052ED9231E6E6F9A0078ABCF /* Whale.xcdatamodeld */ = {
			isa = XCVersionGroup;
			children = (
				052ED9241E6E6F9A0078ABCF /* Whale.xcdatamodel */,
			);
			currentVersion = 052ED9241E6E6F9A0078ABCF /* Whale.xcdatamodel */;
			name = Whale.xcdatamodeld;
			path = ../../Whale.xcdatamodeld;
			sourceTree = "<group>";
			versionGroupType = wrapper.xcdatamodel;
		};
/* End XCVersionGroup section */
	};
	rootObject = 052ED9111E6E6F990078ABCF /* Project object */;
}
